// !$*UTF8*$!
{
	archiveVersion = 1;
	classes = {
	};
	objectVersion = 56;
	objects = {

/* Begin PBXBuildFile section */
		3419C717054CB57C97C12EB4 /* Pods_SWIFTUI_BookReview.framework in Frameworks */ = {isa = PBXBuildFile; fileRef = 6B0A60C71FAF374830478AC3 /* Pods_SWIFTUI_BookReview.framework */; };
		3446AA9A2A407C9100444EDE /* BookSearchDummyData.json in Resources */ = {isa = PBXBuildFile; fileRef = 3446AA992A407C9100444EDE /* BookSearchDummyData.json */; };
		3446AA9C2A407CC200444EDE /* BookSearchDataDummy.swift in Sources */ = {isa = PBXBuildFile; fileRef = 3446AA9B2A407CC200444EDE /* BookSearchDataDummy.swift */; };
		3446AA9E2A407E7A00444EDE /* BookSearchRepositoryFailureMock.swift in Sources */ = {isa = PBXBuildFile; fileRef = 3446AA9D2A407E7A00444EDE /* BookSearchRepositoryFailureMock.swift */; };
		34A531652A371E3F0019F862 /* SWIFTUI_MovieReviewApp.swift in Sources */ = {isa = PBXBuildFile; fileRef = 34A531642A371E3F0019F862 /* SWIFTUI_MovieReviewApp.swift */; };
		34A531672A371E3F0019F862 /* ContentView.swift in Sources */ = {isa = PBXBuildFile; fileRef = 34A531662A371E3F0019F862 /* ContentView.swift */; };
		34A531692A371E430019F862 /* Assets.xcassets in Resources */ = {isa = PBXBuildFile; fileRef = 34A531682A371E430019F862 /* Assets.xcassets */; };
		34A5316C2A371E430019F862 /* Preview Assets.xcassets in Resources */ = {isa = PBXBuildFile; fileRef = 34A5316B2A371E430019F862 /* Preview Assets.xcassets */; };
		34A531932A3722010019F862 /* .swiftlint.yml in Resources */ = {isa = PBXBuildFile; fileRef = 34A531922A3722010019F862 /* .swiftlint.yml */; };
		34A531992A372A620019F862 /* NetworkService.swift in Sources */ = {isa = PBXBuildFile; fileRef = 34A531982A372A610019F862 /* NetworkService.swift */; };
		34A5319B2A372A7A0019F862 /* NetworkServiceProtocol.swift in Sources */ = {isa = PBXBuildFile; fileRef = 34A5319A2A372A7A0019F862 /* NetworkServiceProtocol.swift */; };
		34A5319E2A372B540019F862 /* URLSessionProtocol.swift in Sources */ = {isa = PBXBuildFile; fileRef = 34A5319D2A372B540019F862 /* URLSessionProtocol.swift */; };
		34A531A02A372EA00019F862 /* BookAPI.swift in Sources */ = {isa = PBXBuildFile; fileRef = 34A5319F2A372EA00019F862 /* BookAPI.swift */; };
		34A531A22A37347B0019F862 /* RequestToken.swift in Sources */ = {isa = PBXBuildFile; fileRef = 34A531A12A37347B0019F862 /* RequestToken.swift */; };
		34A531A52A386D080019F862 /* BookSearchResponseDTO.swift in Sources */ = {isa = PBXBuildFile; fileRef = 34A531A42A386D080019F862 /* BookSearchResponseDTO.swift */; };
		34A531A92A386F960019F862 /* BookSearchRepositoryProtocol.swift in Sources */ = {isa = PBXBuildFile; fileRef = 34A531A82A386F960019F862 /* BookSearchRepositoryProtocol.swift */; };
		34A531AC2A386FDF0019F862 /* BookSearchData.swift in Sources */ = {isa = PBXBuildFile; fileRef = 34A531AB2A386FDF0019F862 /* BookSearchData.swift */; };
		34A531AF2A3871320019F862 /* BookSearchRepository.swift in Sources */ = {isa = PBXBuildFile; fileRef = 34A531AE2A3871320019F862 /* BookSearchRepository.swift */; };
		34A531B22A3877390019F862 /* BookSearchUsecase.swift in Sources */ = {isa = PBXBuildFile; fileRef = 34A531B12A3877390019F862 /* BookSearchUsecase.swift */; };
		34A531B52A38786D0019F862 /* BookSearchUsecaseProtocol.swift in Sources */ = {isa = PBXBuildFile; fileRef = 34A531B42A38786D0019F862 /* BookSearchUsecaseProtocol.swift */; };
		34A531B92A3878ED0019F862 /* MainView.swift in Sources */ = {isa = PBXBuildFile; fileRef = 34A531B82A3878ED0019F862 /* MainView.swift */; };
		34A531BB2A3878F30019F862 /* MainViewModel.swift in Sources */ = {isa = PBXBuildFile; fileRef = 34A531BA2A3878F30019F862 /* MainViewModel.swift */; };
		34A531C02A39C1260019F862 /* MainViewCell.swift in Sources */ = {isa = PBXBuildFile; fileRef = 34A531BF2A39C1260019F862 /* MainViewCell.swift */; };
		34A531C32A3B136F0019F862 /* DetailView.swift in Sources */ = {isa = PBXBuildFile; fileRef = 34A531C22A3B136E0019F862 /* DetailView.swift */; };
		34A531C52A3B19930019F862 /* DetailViewCell.swift in Sources */ = {isa = PBXBuildFile; fileRef = 34A531C42A3B19930019F862 /* DetailViewCell.swift */; };
		34A531CA2A3B1B1F0019F862 /* DetailViewCellTitle.swift in Sources */ = {isa = PBXBuildFile; fileRef = 34A531C92A3B1B1F0019F862 /* DetailViewCellTitle.swift */; };
		34A531CE2A3B1FC40019F862 /* UserDefaults+.swift in Sources */ = {isa = PBXBuildFile; fileRef = 34A531CD2A3B1FC40019F862 /* UserDefaults+.swift */; };
		34A531D12A3B20B80019F862 /* BookListEditRepositoryProtocol.swift in Sources */ = {isa = PBXBuildFile; fileRef = 34A531D02A3B20B80019F862 /* BookListEditRepositoryProtocol.swift */; };
		34A531D52A3B212D0019F862 /* BookListEditRepository.swift in Sources */ = {isa = PBXBuildFile; fileRef = 34A531D42A3B212D0019F862 /* BookListEditRepository.swift */; };
		34A531D92A3B21920019F862 /* BookList.swift in Sources */ = {isa = PBXBuildFile; fileRef = 34A531D82A3B21920019F862 /* BookList.swift */; };
		34A531DD2A3B22680019F862 /* BookListEditUsecase.swift in Sources */ = {isa = PBXBuildFile; fileRef = 34A531DC2A3B22680019F862 /* BookListEditUsecase.swift */; };
		34A531E32A3B25900019F862 /* BookListLoadRepositoryProtocol.swift in Sources */ = {isa = PBXBuildFile; fileRef = 34A531E22A3B25900019F862 /* BookListLoadRepositoryProtocol.swift */; };
		34A531E62A3B25FC0019F862 /* BookListLoadRepository.swift in Sources */ = {isa = PBXBuildFile; fileRef = 34A531E52A3B25FC0019F862 /* BookListLoadRepository.swift */; };
		34A531E82A3B26AC0019F862 /* BookListEditUsecaseProtocol.swift in Sources */ = {isa = PBXBuildFile; fileRef = 34A531E72A3B26AC0019F862 /* BookListEditUsecaseProtocol.swift */; };
		34A531EB2A3B26F60019F862 /* BookListLoadUsecaseProtocol.swift in Sources */ = {isa = PBXBuildFile; fileRef = 34A531EA2A3B26F60019F862 /* BookListLoadUsecaseProtocol.swift */; };
		34A531EE2A3B27180019F862 /* BookListLoadUsecase.swift in Sources */ = {isa = PBXBuildFile; fileRef = 34A531ED2A3B27180019F862 /* BookListLoadUsecase.swift */; };
		34A531F02A3B2D930019F862 /* DetailViewModel.swift in Sources */ = {isa = PBXBuildFile; fileRef = 34A531EF2A3B2D930019F862 /* DetailViewModel.swift */; };
		34CACBBE2A4055C200DC791B /* SWIFTUI_BookReviewUITests.swift in Sources */ = {isa = PBXBuildFile; fileRef = 34CACBBD2A4055C200DC791B /* SWIFTUI_BookReviewUITests.swift */; };
		34CACBC02A4055C200DC791B /* SWIFTUI_BookReviewUITestsLaunchTests.swift in Sources */ = {isa = PBXBuildFile; fileRef = 34CACBBF2A4055C200DC791B /* SWIFTUI_BookReviewUITestsLaunchTests.swift */; };
		34CACBCD2A405EE000DC791B /* BookListLoadUsecaseTests.swift in Sources */ = {isa = PBXBuildFile; fileRef = 34CACBCC2A405EE000DC791B /* BookListLoadUsecaseTests.swift */; };
		34CACBD72A40645200DC791B /* BookListLoadRepositoryMock.swift in Sources */ = {isa = PBXBuildFile; fileRef = 34CACBD62A40645200DC791B /* BookListLoadRepositoryMock.swift */; };
		34CACBDB2A4069A900DC791B /* BookListEditRepositoryMock.swift in Sources */ = {isa = PBXBuildFile; fileRef = 34CACBDA2A4069A900DC791B /* BookListEditRepositoryMock.swift */; };
		34CACBDE2A406A5D00DC791B /* BookListDummy.swift in Sources */ = {isa = PBXBuildFile; fileRef = 34CACBDD2A406A5D00DC791B /* BookListDummy.swift */; };
		34CACBE02A406BE800DC791B /* BookListEditUsecaseTests.swift in Sources */ = {isa = PBXBuildFile; fileRef = 34CACBDF2A406BE800DC791B /* BookListEditUsecaseTests.swift */; };
		34CACBE52A4073F100DC791B /* BookSearchRepositoryMock.swift in Sources */ = {isa = PBXBuildFile; fileRef = 34CACBE42A4073F100DC791B /* BookSearchRepositoryMock.swift */; };
		34CACBE72A40756500DC791B /* DummyLoad.swift in Sources */ = {isa = PBXBuildFile; fileRef = 34CACBE62A40756500DC791B /* DummyLoad.swift */; };
		34CACBE92A40763F00DC791B /* BookSearchUsecaseTests.swift in Sources */ = {isa = PBXBuildFile; fileRef = 34CACBE82A40763F00DC791B /* BookSearchUsecaseTests.swift */; };
		BFC110AA7404C7B923EBD3A5 /* Pods_SWIFTUI_BookReview_SWIFTUI_BookReviewUITests.framework in Frameworks */ = {isa = PBXBuildFile; fileRef = 2C6288A0FF0333CCD2A39E1E /* Pods_SWIFTUI_BookReview_SWIFTUI_BookReviewUITests.framework */; };
		FDDBCB98CE44EDC4C580DCE3 /* Pods_SWIFTUI_BookReviewTests.framework in Frameworks */ = {isa = PBXBuildFile; fileRef = 5B85F6D3CF3E97D40598DC2A /* Pods_SWIFTUI_BookReviewTests.framework */; };
/* End PBXBuildFile section */

/* Begin PBXContainerItemProxy section */
		34CACBC12A4055C200DC791B /* PBXContainerItemProxy */ = {
			isa = PBXContainerItemProxy;
			containerPortal = 34A531592A371E3F0019F862 /* Project object */;
			proxyType = 1;
			remoteGlobalIDString = 34A531602A371E3F0019F862;
			remoteInfo = SWIFTUI_BookReview;
		};
		34CACBCE2A405EE000DC791B /* PBXContainerItemProxy */ = {
			isa = PBXContainerItemProxy;
			containerPortal = 34A531592A371E3F0019F862 /* Project object */;
			proxyType = 1;
			remoteGlobalIDString = 34A531602A371E3F0019F862;
			remoteInfo = SWIFTUI_BookReview;
		};
/* End PBXContainerItemProxy section */

/* Begin PBXFileReference section */
		11B779931167A4CD13DBDBF4 /* Pods-SWIFTUI_BookReview-SWIFTUI_BookReviewUITests.release.xcconfig */ = {isa = PBXFileReference; includeInIndex = 1; lastKnownFileType = text.xcconfig; name = "Pods-SWIFTUI_BookReview-SWIFTUI_BookReviewUITests.release.xcconfig"; path = "Target Support Files/Pods-SWIFTUI_BookReview-SWIFTUI_BookReviewUITests/Pods-SWIFTUI_BookReview-SWIFTUI_BookReviewUITests.release.xcconfig"; sourceTree = "<group>"; };
		184FC7D7EC5D418E0B94EA75 /* Pods-SWIFTUI_BookReviewTests.debug.xcconfig */ = {isa = PBXFileReference; includeInIndex = 1; lastKnownFileType = text.xcconfig; name = "Pods-SWIFTUI_BookReviewTests.debug.xcconfig"; path = "Target Support Files/Pods-SWIFTUI_BookReviewTests/Pods-SWIFTUI_BookReviewTests.debug.xcconfig"; sourceTree = "<group>"; };
		1A6C0BC97CDAC68A20077B4C /* Pods-SWIFTUI_MovieReview.debug.xcconfig */ = {isa = PBXFileReference; includeInIndex = 1; lastKnownFileType = text.xcconfig; name = "Pods-SWIFTUI_MovieReview.debug.xcconfig"; path = "Target Support Files/Pods-SWIFTUI_MovieReview/Pods-SWIFTUI_MovieReview.debug.xcconfig"; sourceTree = "<group>"; };
		29C8D660DC8B5552D2D5F479 /* Pods_SWIFTUI_MovieReviewTests.framework */ = {isa = PBXFileReference; explicitFileType = wrapper.framework; includeInIndex = 0; path = Pods_SWIFTUI_MovieReviewTests.framework; sourceTree = BUILT_PRODUCTS_DIR; };
		2C6288A0FF0333CCD2A39E1E /* Pods_SWIFTUI_BookReview_SWIFTUI_BookReviewUITests.framework */ = {isa = PBXFileReference; explicitFileType = wrapper.framework; includeInIndex = 0; path = Pods_SWIFTUI_BookReview_SWIFTUI_BookReviewUITests.framework; sourceTree = BUILT_PRODUCTS_DIR; };
		3446AA992A407C9100444EDE /* BookSearchDummyData.json */ = {isa = PBXFileReference; fileEncoding = 4; lastKnownFileType = text.json; path = BookSearchDummyData.json; sourceTree = "<group>"; };
		3446AA9B2A407CC200444EDE /* BookSearchDataDummy.swift */ = {isa = PBXFileReference; lastKnownFileType = sourcecode.swift; path = BookSearchDataDummy.swift; sourceTree = "<group>"; };
		3446AA9D2A407E7A00444EDE /* BookSearchRepositoryFailureMock.swift */ = {isa = PBXFileReference; lastKnownFileType = sourcecode.swift; path = BookSearchRepositoryFailureMock.swift; sourceTree = "<group>"; };
		34A531612A371E3F0019F862 /* SWIFTUI_BookReview.app */ = {isa = PBXFileReference; explicitFileType = wrapper.application; includeInIndex = 0; path = SWIFTUI_BookReview.app; sourceTree = BUILT_PRODUCTS_DIR; };
		34A531642A371E3F0019F862 /* SWIFTUI_MovieReviewApp.swift */ = {isa = PBXFileReference; lastKnownFileType = sourcecode.swift; path = SWIFTUI_MovieReviewApp.swift; sourceTree = "<group>"; };
		34A531662A371E3F0019F862 /* ContentView.swift */ = {isa = PBXFileReference; lastKnownFileType = sourcecode.swift; path = ContentView.swift; sourceTree = "<group>"; };
		34A531682A371E430019F862 /* Assets.xcassets */ = {isa = PBXFileReference; lastKnownFileType = folder.assetcatalog; path = Assets.xcassets; sourceTree = "<group>"; };
		34A5316B2A371E430019F862 /* Preview Assets.xcassets */ = {isa = PBXFileReference; lastKnownFileType = folder.assetcatalog; path = "Preview Assets.xcassets"; sourceTree = "<group>"; };
		34A531922A3722010019F862 /* .swiftlint.yml */ = {isa = PBXFileReference; lastKnownFileType = text.yaml; path = .swiftlint.yml; sourceTree = "<group>"; };
		34A531982A372A610019F862 /* NetworkService.swift */ = {isa = PBXFileReference; lastKnownFileType = sourcecode.swift; path = NetworkService.swift; sourceTree = "<group>"; };
		34A5319A2A372A7A0019F862 /* NetworkServiceProtocol.swift */ = {isa = PBXFileReference; lastKnownFileType = sourcecode.swift; path = NetworkServiceProtocol.swift; sourceTree = "<group>"; };
		34A5319D2A372B540019F862 /* URLSessionProtocol.swift */ = {isa = PBXFileReference; lastKnownFileType = sourcecode.swift; path = URLSessionProtocol.swift; sourceTree = "<group>"; };
		34A5319F2A372EA00019F862 /* BookAPI.swift */ = {isa = PBXFileReference; lastKnownFileType = sourcecode.swift; path = BookAPI.swift; sourceTree = "<group>"; };
		34A531A12A37347B0019F862 /* RequestToken.swift */ = {isa = PBXFileReference; fileEncoding = 4; lastKnownFileType = sourcecode.swift; path = RequestToken.swift; sourceTree = "<group>"; };
		34A531A42A386D080019F862 /* BookSearchResponseDTO.swift */ = {isa = PBXFileReference; lastKnownFileType = sourcecode.swift; path = BookSearchResponseDTO.swift; sourceTree = "<group>"; };
		34A531A82A386F960019F862 /* BookSearchRepositoryProtocol.swift */ = {isa = PBXFileReference; lastKnownFileType = sourcecode.swift; path = BookSearchRepositoryProtocol.swift; sourceTree = "<group>"; };
		34A531AB2A386FDF0019F862 /* BookSearchData.swift */ = {isa = PBXFileReference; lastKnownFileType = sourcecode.swift; path = BookSearchData.swift; sourceTree = "<group>"; };
		34A531AE2A3871320019F862 /* BookSearchRepository.swift */ = {isa = PBXFileReference; lastKnownFileType = sourcecode.swift; path = BookSearchRepository.swift; sourceTree = "<group>"; };
		34A531B12A3877390019F862 /* BookSearchUsecase.swift */ = {isa = PBXFileReference; lastKnownFileType = sourcecode.swift; path = BookSearchUsecase.swift; sourceTree = "<group>"; };
		34A531B42A38786D0019F862 /* BookSearchUsecaseProtocol.swift */ = {isa = PBXFileReference; lastKnownFileType = sourcecode.swift; path = BookSearchUsecaseProtocol.swift; sourceTree = "<group>"; };
		34A531B82A3878ED0019F862 /* MainView.swift */ = {isa = PBXFileReference; lastKnownFileType = sourcecode.swift; path = MainView.swift; sourceTree = "<group>"; };
		34A531BA2A3878F30019F862 /* MainViewModel.swift */ = {isa = PBXFileReference; lastKnownFileType = sourcecode.swift; path = MainViewModel.swift; sourceTree = "<group>"; };
		34A531BF2A39C1260019F862 /* MainViewCell.swift */ = {isa = PBXFileReference; lastKnownFileType = sourcecode.swift; path = MainViewCell.swift; sourceTree = "<group>"; };
		34A531C22A3B136E0019F862 /* DetailView.swift */ = {isa = PBXFileReference; lastKnownFileType = sourcecode.swift; path = DetailView.swift; sourceTree = "<group>"; };
		34A531C42A3B19930019F862 /* DetailViewCell.swift */ = {isa = PBXFileReference; lastKnownFileType = sourcecode.swift; path = DetailViewCell.swift; sourceTree = "<group>"; };
		34A531C92A3B1B1F0019F862 /* DetailViewCellTitle.swift */ = {isa = PBXFileReference; lastKnownFileType = sourcecode.swift; path = DetailViewCellTitle.swift; sourceTree = "<group>"; };
		34A531CD2A3B1FC40019F862 /* UserDefaults+.swift */ = {isa = PBXFileReference; lastKnownFileType = sourcecode.swift; path = "UserDefaults+.swift"; sourceTree = "<group>"; };
		34A531D02A3B20B80019F862 /* BookListEditRepositoryProtocol.swift */ = {isa = PBXFileReference; lastKnownFileType = sourcecode.swift; path = BookListEditRepositoryProtocol.swift; sourceTree = "<group>"; };
		34A531D42A3B212D0019F862 /* BookListEditRepository.swift */ = {isa = PBXFileReference; lastKnownFileType = sourcecode.swift; path = BookListEditRepository.swift; sourceTree = "<group>"; };
		34A531D82A3B21920019F862 /* BookList.swift */ = {isa = PBXFileReference; lastKnownFileType = sourcecode.swift; path = BookList.swift; sourceTree = "<group>"; };
		34A531DC2A3B22680019F862 /* BookListEditUsecase.swift */ = {isa = PBXFileReference; lastKnownFileType = sourcecode.swift; path = BookListEditUsecase.swift; sourceTree = "<group>"; };
		34A531E22A3B25900019F862 /* BookListLoadRepositoryProtocol.swift */ = {isa = PBXFileReference; lastKnownFileType = sourcecode.swift; path = BookListLoadRepositoryProtocol.swift; sourceTree = "<group>"; };
		34A531E52A3B25FC0019F862 /* BookListLoadRepository.swift */ = {isa = PBXFileReference; lastKnownFileType = sourcecode.swift; path = BookListLoadRepository.swift; sourceTree = "<group>"; };
		34A531E72A3B26AC0019F862 /* BookListEditUsecaseProtocol.swift */ = {isa = PBXFileReference; fileEncoding = 4; lastKnownFileType = sourcecode.swift; path = BookListEditUsecaseProtocol.swift; sourceTree = "<group>"; };
		34A531EA2A3B26F60019F862 /* BookListLoadUsecaseProtocol.swift */ = {isa = PBXFileReference; lastKnownFileType = sourcecode.swift; path = BookListLoadUsecaseProtocol.swift; sourceTree = "<group>"; };
		34A531ED2A3B27180019F862 /* BookListLoadUsecase.swift */ = {isa = PBXFileReference; lastKnownFileType = sourcecode.swift; path = BookListLoadUsecase.swift; sourceTree = "<group>"; };
		34A531EF2A3B2D930019F862 /* DetailViewModel.swift */ = {isa = PBXFileReference; lastKnownFileType = sourcecode.swift; path = DetailViewModel.swift; sourceTree = "<group>"; };
		34CACBBB2A4055C200DC791B /* SWIFTUI_BookReviewUITests.xctest */ = {isa = PBXFileReference; explicitFileType = wrapper.cfbundle; includeInIndex = 0; path = SWIFTUI_BookReviewUITests.xctest; sourceTree = BUILT_PRODUCTS_DIR; };
		34CACBBD2A4055C200DC791B /* SWIFTUI_BookReviewUITests.swift */ = {isa = PBXFileReference; lastKnownFileType = sourcecode.swift; path = SWIFTUI_BookReviewUITests.swift; sourceTree = "<group>"; };
		34CACBBF2A4055C200DC791B /* SWIFTUI_BookReviewUITestsLaunchTests.swift */ = {isa = PBXFileReference; lastKnownFileType = sourcecode.swift; path = SWIFTUI_BookReviewUITestsLaunchTests.swift; sourceTree = "<group>"; };
		34CACBCA2A405EDF00DC791B /* SWIFTUI_BookReviewTests.xctest */ = {isa = PBXFileReference; explicitFileType = wrapper.cfbundle; includeInIndex = 0; path = SWIFTUI_BookReviewTests.xctest; sourceTree = BUILT_PRODUCTS_DIR; };
		34CACBCC2A405EE000DC791B /* BookListLoadUsecaseTests.swift */ = {isa = PBXFileReference; lastKnownFileType = sourcecode.swift; path = BookListLoadUsecaseTests.swift; sourceTree = "<group>"; };
		34CACBD62A40645200DC791B /* BookListLoadRepositoryMock.swift */ = {isa = PBXFileReference; lastKnownFileType = sourcecode.swift; path = BookListLoadRepositoryMock.swift; sourceTree = "<group>"; };
		34CACBDA2A4069A900DC791B /* BookListEditRepositoryMock.swift */ = {isa = PBXFileReference; lastKnownFileType = sourcecode.swift; path = BookListEditRepositoryMock.swift; sourceTree = "<group>"; };
		34CACBDD2A406A5D00DC791B /* BookListDummy.swift */ = {isa = PBXFileReference; lastKnownFileType = sourcecode.swift; path = BookListDummy.swift; sourceTree = "<group>"; };
		34CACBDF2A406BE800DC791B /* BookListEditUsecaseTests.swift */ = {isa = PBXFileReference; lastKnownFileType = sourcecode.swift; path = BookListEditUsecaseTests.swift; sourceTree = "<group>"; };
		34CACBE42A4073F100DC791B /* BookSearchRepositoryMock.swift */ = {isa = PBXFileReference; lastKnownFileType = sourcecode.swift; path = BookSearchRepositoryMock.swift; sourceTree = "<group>"; };
		34CACBE62A40756500DC791B /* DummyLoad.swift */ = {isa = PBXFileReference; lastKnownFileType = sourcecode.swift; path = DummyLoad.swift; sourceTree = "<group>"; };
		34CACBE82A40763F00DC791B /* BookSearchUsecaseTests.swift */ = {isa = PBXFileReference; lastKnownFileType = sourcecode.swift; path = BookSearchUsecaseTests.swift; sourceTree = "<group>"; };
		4513A0B52639302D04B9307A /* Pods-SWIFTUI_MovieReviewTests.release.xcconfig */ = {isa = PBXFileReference; includeInIndex = 1; lastKnownFileType = text.xcconfig; name = "Pods-SWIFTUI_MovieReviewTests.release.xcconfig"; path = "Target Support Files/Pods-SWIFTUI_MovieReviewTests/Pods-SWIFTUI_MovieReviewTests.release.xcconfig"; sourceTree = "<group>"; };
		49ACE9FA05CBB662C0409D6F /* Pods-SWIFTUI_BookReview.debug.xcconfig */ = {isa = PBXFileReference; includeInIndex = 1; lastKnownFileType = text.xcconfig; name = "Pods-SWIFTUI_BookReview.debug.xcconfig"; path = "Target Support Files/Pods-SWIFTUI_BookReview/Pods-SWIFTUI_BookReview.debug.xcconfig"; sourceTree = "<group>"; };
		4B64ECDE1F470539E80A1DC3 /* Pods-SWIFTUI_MovieReviewTests.debug.xcconfig */ = {isa = PBXFileReference; includeInIndex = 1; lastKnownFileType = text.xcconfig; name = "Pods-SWIFTUI_MovieReviewTests.debug.xcconfig"; path = "Target Support Files/Pods-SWIFTUI_MovieReviewTests/Pods-SWIFTUI_MovieReviewTests.debug.xcconfig"; sourceTree = "<group>"; };
		5B85F6D3CF3E97D40598DC2A /* Pods_SWIFTUI_BookReviewTests.framework */ = {isa = PBXFileReference; explicitFileType = wrapper.framework; includeInIndex = 0; path = Pods_SWIFTUI_BookReviewTests.framework; sourceTree = BUILT_PRODUCTS_DIR; };
		5DEA6AF75F9C308B345D07F6 /* Pods-SWIFTUI_BookReview-SWIFTUI_BookReviewUITests.debug.xcconfig */ = {isa = PBXFileReference; includeInIndex = 1; lastKnownFileType = text.xcconfig; name = "Pods-SWIFTUI_BookReview-SWIFTUI_BookReviewUITests.debug.xcconfig"; path = "Target Support Files/Pods-SWIFTUI_BookReview-SWIFTUI_BookReviewUITests/Pods-SWIFTUI_BookReview-SWIFTUI_BookReviewUITests.debug.xcconfig"; sourceTree = "<group>"; };
		6B0A60C71FAF374830478AC3 /* Pods_SWIFTUI_BookReview.framework */ = {isa = PBXFileReference; explicitFileType = wrapper.framework; includeInIndex = 0; path = Pods_SWIFTUI_BookReview.framework; sourceTree = BUILT_PRODUCTS_DIR; };
		6E3F337FA0CBE2287F689677 /* Pods_SWIFTUI_MovieReview_SWIFTUI_MovieReviewUITests.framework */ = {isa = PBXFileReference; explicitFileType = wrapper.framework; includeInIndex = 0; path = Pods_SWIFTUI_MovieReview_SWIFTUI_MovieReviewUITests.framework; sourceTree = BUILT_PRODUCTS_DIR; };
		837F8D39E6236A41111403A5 /* Pods-SWIFTUI_MovieReview-SWIFTUI_MovieReviewUITests.release.xcconfig */ = {isa = PBXFileReference; includeInIndex = 1; lastKnownFileType = text.xcconfig; name = "Pods-SWIFTUI_MovieReview-SWIFTUI_MovieReviewUITests.release.xcconfig"; path = "Target Support Files/Pods-SWIFTUI_MovieReview-SWIFTUI_MovieReviewUITests/Pods-SWIFTUI_MovieReview-SWIFTUI_MovieReviewUITests.release.xcconfig"; sourceTree = "<group>"; };
		96B0E27C2C248AEFB5827A97 /* Pods-SWIFTUI_MovieReview-SWIFTUI_MovieReviewUITests.debug.xcconfig */ = {isa = PBXFileReference; includeInIndex = 1; lastKnownFileType = text.xcconfig; name = "Pods-SWIFTUI_MovieReview-SWIFTUI_MovieReviewUITests.debug.xcconfig"; path = "Target Support Files/Pods-SWIFTUI_MovieReview-SWIFTUI_MovieReviewUITests/Pods-SWIFTUI_MovieReview-SWIFTUI_MovieReviewUITests.debug.xcconfig"; sourceTree = "<group>"; };
		EB993FB59677B603CDA5733B /* Pods-SWIFTUI_BookReviewTests.release.xcconfig */ = {isa = PBXFileReference; includeInIndex = 1; lastKnownFileType = text.xcconfig; name = "Pods-SWIFTUI_BookReviewTests.release.xcconfig"; path = "Target Support Files/Pods-SWIFTUI_BookReviewTests/Pods-SWIFTUI_BookReviewTests.release.xcconfig"; sourceTree = "<group>"; };
		F7CA4B0BAA0D34EBBBE4FEF5 /* Pods-SWIFTUI_MovieReview.release.xcconfig */ = {isa = PBXFileReference; includeInIndex = 1; lastKnownFileType = text.xcconfig; name = "Pods-SWIFTUI_MovieReview.release.xcconfig"; path = "Target Support Files/Pods-SWIFTUI_MovieReview/Pods-SWIFTUI_MovieReview.release.xcconfig"; sourceTree = "<group>"; };
		FD74DEDFE2C341F6000B3C50 /* Pods-SWIFTUI_BookReview.release.xcconfig */ = {isa = PBXFileReference; includeInIndex = 1; lastKnownFileType = text.xcconfig; name = "Pods-SWIFTUI_BookReview.release.xcconfig"; path = "Target Support Files/Pods-SWIFTUI_BookReview/Pods-SWIFTUI_BookReview.release.xcconfig"; sourceTree = "<group>"; };
/* End PBXFileReference section */

/* Begin PBXFrameworksBuildPhase section */
		34A5315E2A371E3F0019F862 /* Frameworks */ = {
			isa = PBXFrameworksBuildPhase;
			buildActionMask = 2147483647;
			files = (
				3419C717054CB57C97C12EB4 /* Pods_SWIFTUI_BookReview.framework in Frameworks */,
			);
			runOnlyForDeploymentPostprocessing = 0;
		};
		34CACBB82A4055C200DC791B /* Frameworks */ = {
			isa = PBXFrameworksBuildPhase;
			buildActionMask = 2147483647;
			files = (
				BFC110AA7404C7B923EBD3A5 /* Pods_SWIFTUI_BookReview_SWIFTUI_BookReviewUITests.framework in Frameworks */,
			);
			runOnlyForDeploymentPostprocessing = 0;
		};
		34CACBC72A405EDF00DC791B /* Frameworks */ = {
			isa = PBXFrameworksBuildPhase;
			buildActionMask = 2147483647;
			files = (
				FDDBCB98CE44EDC4C580DCE3 /* Pods_SWIFTUI_BookReviewTests.framework in Frameworks */,
			);
			runOnlyForDeploymentPostprocessing = 0;
		};
/* End PBXFrameworksBuildPhase section */

/* Begin PBXGroup section */
		34A531582A371E3F0019F862 = {
			isa = PBXGroup;
			children = (
				34A531A12A37347B0019F862 /* RequestToken.swift */,
				34A531922A3722010019F862 /* .swiftlint.yml */,
				34A531632A371E3F0019F862 /* SWIFTUI_BookReview */,
				34CACBBC2A4055C200DC791B /* SWIFTUI_BookReviewUITests */,
				34CACBCB2A405EE000DC791B /* SWIFTUI_BookReviewTests */,
				34A531622A371E3F0019F862 /* Products */,
				4D99506DF06840659FAA2C1B /* Pods */,
				6B4E8B4FF6DEC4FB56281EB5 /* Frameworks */,
			);
			sourceTree = "<group>";
		};
		34A531622A371E3F0019F862 /* Products */ = {
			isa = PBXGroup;
			children = (
				34A531612A371E3F0019F862 /* SWIFTUI_BookReview.app */,
				34CACBBB2A4055C200DC791B /* SWIFTUI_BookReviewUITests.xctest */,
				34CACBCA2A405EDF00DC791B /* SWIFTUI_BookReviewTests.xctest */,
			);
			name = Products;
			sourceTree = "<group>";
		};
		34A531632A371E3F0019F862 /* SWIFTUI_BookReview */ = {
			isa = PBXGroup;
			children = (
				34A531B62A3878BA0019F862 /* Presentation */,
				34A531A62A386F650019F862 /* Domain */,
				34A531962A372A380019F862 /* Data */,
				34A531942A37299D0019F862 /* Application */,
				34A531C72A3B1AE70019F862 /* Util */,
				34A531952A3729C90019F862 /* Resource */,
			);
			path = SWIFTUI_BookReview;
			sourceTree = "<group>";
		};
		34A5316A2A371E430019F862 /* Preview Content */ = {
			isa = PBXGroup;
			children = (
				34A5316B2A371E430019F862 /* Preview Assets.xcassets */,
			);
			path = "Preview Content";
			sourceTree = "<group>";
		};
		34A531942A37299D0019F862 /* Application */ = {
			isa = PBXGroup;
			children = (
				34A531662A371E3F0019F862 /* ContentView.swift */,
				34A531642A371E3F0019F862 /* SWIFTUI_MovieReviewApp.swift */,
			);
			path = Application;
			sourceTree = "<group>";
		};
		34A531952A3729C90019F862 /* Resource */ = {
			isa = PBXGroup;
			children = (
				34A5316A2A371E430019F862 /* Preview Content */,
				34A531682A371E430019F862 /* Assets.xcassets */,
			);
			path = Resource;
			sourceTree = "<group>";
		};
		34A531962A372A380019F862 /* Data */ = {
			isa = PBXGroup;
			children = (
				34A531CB2A3B1F950019F862 /* SaveData */,
				34A531AD2A38711D0019F862 /* Repository */,
				34A531972A372A3F0019F862 /* Network */,
			);
			path = Data;
			sourceTree = "<group>";
		};
		34A531972A372A3F0019F862 /* Network */ = {
			isa = PBXGroup;
			children = (
				34A531982A372A610019F862 /* NetworkService.swift */,
				34A5319F2A372EA00019F862 /* BookAPI.swift */,
				34A531A32A386CFA0019F862 /* DTO */,
				34A5319C2A372B430019F862 /* Protocol */,
			);
			path = Network;
			sourceTree = "<group>";
		};
		34A5319C2A372B430019F862 /* Protocol */ = {
			isa = PBXGroup;
			children = (
				34A5319D2A372B540019F862 /* URLSessionProtocol.swift */,
				34A5319A2A372A7A0019F862 /* NetworkServiceProtocol.swift */,
			);
			path = Protocol;
			sourceTree = "<group>";
		};
		34A531A32A386CFA0019F862 /* DTO */ = {
			isa = PBXGroup;
			children = (
				34A531A42A386D080019F862 /* BookSearchResponseDTO.swift */,
			);
			path = DTO;
			sourceTree = "<group>";
		};
		34A531A62A386F650019F862 /* Domain */ = {
			isa = PBXGroup;
			children = (
				34A531B02A3877250019F862 /* Usecase */,
				34A531AA2A386FD30019F862 /* Entity */,
				34A531A72A386F6D0019F862 /* RepositoryProtocol */,
			);
			path = Domain;
			sourceTree = "<group>";
		};
		34A531A72A386F6D0019F862 /* RepositoryProtocol */ = {
			isa = PBXGroup;
			children = (
				34A531E12A3B25490019F862 /* BookLoad */,
				34A531D62A3B21300019F862 /* BookSearch */,
				34A531D72A3B21360019F862 /* BookEdit */,
			);
			path = RepositoryProtocol;
			sourceTree = "<group>";
		};
		34A531AA2A386FD30019F862 /* Entity */ = {
			isa = PBXGroup;
			children = (
				34A531AB2A386FDF0019F862 /* BookSearchData.swift */,
			);
			path = Entity;
			sourceTree = "<group>";
		};
		34A531AD2A38711D0019F862 /* Repository */ = {
			isa = PBXGroup;
			children = (
				34A531E42A3B25AA0019F862 /* BookLoad */,
				34A531D32A3B21100019F862 /* BookEdit */,
				34A531D22A3B21080019F862 /* BookSearch */,
			);
			path = Repository;
			sourceTree = "<group>";
		};
		34A531B02A3877250019F862 /* Usecase */ = {
			isa = PBXGroup;
			children = (
				34A531E92A3B26E80019F862 /* BookLoad */,
				34A531DB2A3B22590019F862 /* BookEdit */,
				34A531DA2A3B224F0019F862 /* BookSearch */,
			);
			path = Usecase;
			sourceTree = "<group>";
		};
		34A531B32A3878650019F862 /* Protocol */ = {
			isa = PBXGroup;
			children = (
				34A531B42A38786D0019F862 /* BookSearchUsecaseProtocol.swift */,
			);
			path = Protocol;
			sourceTree = "<group>";
		};
		34A531B62A3878BA0019F862 /* Presentation */ = {
			isa = PBXGroup;
			children = (
				34A531C12A3B13570019F862 /* Detail */,
				34A531B72A3878E70019F862 /* Main */,
			);
			path = Presentation;
			sourceTree = "<group>";
		};
		34A531B72A3878E70019F862 /* Main */ = {
			isa = PBXGroup;
			children = (
				34A531B82A3878ED0019F862 /* MainView.swift */,
				34A531BA2A3878F30019F862 /* MainViewModel.swift */,
				34A531BE2A39C1150019F862 /* Sub */,
			);
			path = Main;
			sourceTree = "<group>";
		};
		34A531BE2A39C1150019F862 /* Sub */ = {
			isa = PBXGroup;
			children = (
				34A531BF2A39C1260019F862 /* MainViewCell.swift */,
			);
			path = Sub;
			sourceTree = "<group>";
		};
		34A531C12A3B13570019F862 /* Detail */ = {
			isa = PBXGroup;
			children = (
				34A531C22A3B136E0019F862 /* DetailView.swift */,
				34A531EF2A3B2D930019F862 /* DetailViewModel.swift */,
				34A531C62A3B19960019F862 /* Sub */,
			);
			path = Detail;
			sourceTree = "<group>";
		};
		34A531C62A3B19960019F862 /* Sub */ = {
			isa = PBXGroup;
			children = (
				34A531C42A3B19930019F862 /* DetailViewCell.swift */,
			);
			path = Sub;
			sourceTree = "<group>";
		};
		34A531C72A3B1AE70019F862 /* Util */ = {
			isa = PBXGroup;
			children = (
				34A531CC2A3B1FA60019F862 /* Extension */,
				34A531C82A3B1B000019F862 /* Constant */,
			);
			path = Util;
			sourceTree = "<group>";
		};
		34A531C82A3B1B000019F862 /* Constant */ = {
			isa = PBXGroup;
			children = (
				34A531C92A3B1B1F0019F862 /* DetailViewCellTitle.swift */,
			);
			path = Constant;
			sourceTree = "<group>";
		};
		34A531CB2A3B1F950019F862 /* SaveData */ = {
			isa = PBXGroup;
			children = (
				34A531D82A3B21920019F862 /* BookList.swift */,
			);
			path = SaveData;
			sourceTree = "<group>";
		};
		34A531CC2A3B1FA60019F862 /* Extension */ = {
			isa = PBXGroup;
			children = (
				34A531CD2A3B1FC40019F862 /* UserDefaults+.swift */,
			);
			path = Extension;
			sourceTree = "<group>";
		};
		34A531D22A3B21080019F862 /* BookSearch */ = {
			isa = PBXGroup;
			children = (
				34A531AE2A3871320019F862 /* BookSearchRepository.swift */,
			);
			path = BookSearch;
			sourceTree = "<group>";
		};
		34A531D32A3B21100019F862 /* BookEdit */ = {
			isa = PBXGroup;
			children = (
				34A531D42A3B212D0019F862 /* BookListEditRepository.swift */,
			);
			path = BookEdit;
			sourceTree = "<group>";
		};
		34A531D62A3B21300019F862 /* BookSearch */ = {
			isa = PBXGroup;
			children = (
				34A531A82A386F960019F862 /* BookSearchRepositoryProtocol.swift */,
			);
			path = BookSearch;
			sourceTree = "<group>";
		};
		34A531D72A3B21360019F862 /* BookEdit */ = {
			isa = PBXGroup;
			children = (
				34A531D02A3B20B80019F862 /* BookListEditRepositoryProtocol.swift */,
			);
			path = BookEdit;
			sourceTree = "<group>";
		};
		34A531DA2A3B224F0019F862 /* BookSearch */ = {
			isa = PBXGroup;
			children = (
				34A531B12A3877390019F862 /* BookSearchUsecase.swift */,
				34A531B32A3878650019F862 /* Protocol */,
			);
			path = BookSearch;
			sourceTree = "<group>";
		};
		34A531DB2A3B22590019F862 /* BookEdit */ = {
			isa = PBXGroup;
			children = (
				34A531DC2A3B22680019F862 /* BookListEditUsecase.swift */,
				34A531DE2A3B226A0019F862 /* Protocol */,
			);
			path = BookEdit;
			sourceTree = "<group>";
		};
		34A531DE2A3B226A0019F862 /* Protocol */ = {
			isa = PBXGroup;
			children = (
				34A531E72A3B26AC0019F862 /* BookListEditUsecaseProtocol.swift */,
			);
			path = Protocol;
			sourceTree = "<group>";
		};
		34A531E12A3B25490019F862 /* BookLoad */ = {
			isa = PBXGroup;
			children = (
				34A531E22A3B25900019F862 /* BookListLoadRepositoryProtocol.swift */,
			);
			path = BookLoad;
			sourceTree = "<group>";
		};
		34A531E42A3B25AA0019F862 /* BookLoad */ = {
			isa = PBXGroup;
			children = (
				34A531E52A3B25FC0019F862 /* BookListLoadRepository.swift */,
			);
			path = BookLoad;
			sourceTree = "<group>";
		};
		34A531E92A3B26E80019F862 /* BookLoad */ = {
			isa = PBXGroup;
			children = (
				34A531ED2A3B27180019F862 /* BookListLoadUsecase.swift */,
				34A531EC2A3B270A0019F862 /* Protocol */,
			);
			path = BookLoad;
			sourceTree = "<group>";
		};
		34A531EC2A3B270A0019F862 /* Protocol */ = {
			isa = PBXGroup;
			children = (
				34A531EA2A3B26F60019F862 /* BookListLoadUsecaseProtocol.swift */,
			);
			path = Protocol;
			sourceTree = "<group>";
		};
		34CACBBC2A4055C200DC791B /* SWIFTUI_BookReviewUITests */ = {
			isa = PBXGroup;
			children = (
				34CACBBD2A4055C200DC791B /* SWIFTUI_BookReviewUITests.swift */,
				34CACBBF2A4055C200DC791B /* SWIFTUI_BookReviewUITestsLaunchTests.swift */,
			);
			path = SWIFTUI_BookReviewUITests;
			sourceTree = "<group>";
		};
		34CACBCB2A405EE000DC791B /* SWIFTUI_BookReviewTests */ = {
			isa = PBXGroup;
			children = (
				34CACBDC2A406A5200DC791B /* DummyData */,
				34CACBD32A405F0300DC791B /* Usecase */,
			);
			path = SWIFTUI_BookReviewTests;
			sourceTree = "<group>";
		};
		34CACBD32A405F0300DC791B /* Usecase */ = {
			isa = PBXGroup;
			children = (
				34CACBE22A4073BB00DC791B /* BookSearch */,
				34CACBD82A40697200DC791B /* BookEdit */,
				34CACBD42A4063FD00DC791B /* BookLoad */,
			);
			path = Usecase;
			sourceTree = "<group>";
		};
		34CACBD42A4063FD00DC791B /* BookLoad */ = {
			isa = PBXGroup;
			children = (
				34CACBCC2A405EE000DC791B /* BookListLoadUsecaseTests.swift */,
				34CACBD52A40641300DC791B /* Mock */,
			);
			path = BookLoad;
			sourceTree = "<group>";
		};
		34CACBD52A40641300DC791B /* Mock */ = {
			isa = PBXGroup;
			children = (
				34CACBD62A40645200DC791B /* BookListLoadRepositoryMock.swift */,
			);
			path = Mock;
			sourceTree = "<group>";
		};
		34CACBD82A40697200DC791B /* BookEdit */ = {
			isa = PBXGroup;
			children = (
				34CACBDF2A406BE800DC791B /* BookListEditUsecaseTests.swift */,
				34CACBD92A40698600DC791B /* Mock */,
			);
			path = BookEdit;
			sourceTree = "<group>";
		};
		34CACBD92A40698600DC791B /* Mock */ = {
			isa = PBXGroup;
			children = (
				34CACBDA2A4069A900DC791B /* BookListEditRepositoryMock.swift */,
			);
			path = Mock;
			sourceTree = "<group>";
		};
		34CACBDC2A406A5200DC791B /* DummyData */ = {
			isa = PBXGroup;
			children = (
				34CACBDD2A406A5D00DC791B /* BookListDummy.swift */,
				3446AA9B2A407CC200444EDE /* BookSearchDataDummy.swift */,
				3446AA992A407C9100444EDE /* BookSearchDummyData.json */,
				34CACBE62A40756500DC791B /* DummyLoad.swift */,
			);
			path = DummyData;
			sourceTree = "<group>";
		};
		34CACBE22A4073BB00DC791B /* BookSearch */ = {
			isa = PBXGroup;
			children = (
				34CACBE82A40763F00DC791B /* BookSearchUsecaseTests.swift */,
				34CACBE32A4073C800DC791B /* Mock */,
			);
			path = BookSearch;
			sourceTree = "<group>";
		};
		34CACBE32A4073C800DC791B /* Mock */ = {
			isa = PBXGroup;
			children = (
				34CACBE42A4073F100DC791B /* BookSearchRepositoryMock.swift */,
				3446AA9D2A407E7A00444EDE /* BookSearchRepositoryFailureMock.swift */,
			);
			path = Mock;
			sourceTree = "<group>";
		};
		4D99506DF06840659FAA2C1B /* Pods */ = {
			isa = PBXGroup;
			children = (
				1A6C0BC97CDAC68A20077B4C /* Pods-SWIFTUI_MovieReview.debug.xcconfig */,
				F7CA4B0BAA0D34EBBBE4FEF5 /* Pods-SWIFTUI_MovieReview.release.xcconfig */,
				96B0E27C2C248AEFB5827A97 /* Pods-SWIFTUI_MovieReview-SWIFTUI_MovieReviewUITests.debug.xcconfig */,
				837F8D39E6236A41111403A5 /* Pods-SWIFTUI_MovieReview-SWIFTUI_MovieReviewUITests.release.xcconfig */,
				4B64ECDE1F470539E80A1DC3 /* Pods-SWIFTUI_MovieReviewTests.debug.xcconfig */,
				4513A0B52639302D04B9307A /* Pods-SWIFTUI_MovieReviewTests.release.xcconfig */,
				49ACE9FA05CBB662C0409D6F /* Pods-SWIFTUI_BookReview.debug.xcconfig */,
				FD74DEDFE2C341F6000B3C50 /* Pods-SWIFTUI_BookReview.release.xcconfig */,
				5DEA6AF75F9C308B345D07F6 /* Pods-SWIFTUI_BookReview-SWIFTUI_BookReviewUITests.debug.xcconfig */,
				11B779931167A4CD13DBDBF4 /* Pods-SWIFTUI_BookReview-SWIFTUI_BookReviewUITests.release.xcconfig */,
				184FC7D7EC5D418E0B94EA75 /* Pods-SWIFTUI_BookReviewTests.debug.xcconfig */,
				EB993FB59677B603CDA5733B /* Pods-SWIFTUI_BookReviewTests.release.xcconfig */,
			);
			path = Pods;
			sourceTree = "<group>";
		};
		6B4E8B4FF6DEC4FB56281EB5 /* Frameworks */ = {
			isa = PBXGroup;
			children = (
				6E3F337FA0CBE2287F689677 /* Pods_SWIFTUI_MovieReview_SWIFTUI_MovieReviewUITests.framework */,
				29C8D660DC8B5552D2D5F479 /* Pods_SWIFTUI_MovieReviewTests.framework */,
				6B0A60C71FAF374830478AC3 /* Pods_SWIFTUI_BookReview.framework */,
				2C6288A0FF0333CCD2A39E1E /* Pods_SWIFTUI_BookReview_SWIFTUI_BookReviewUITests.framework */,
				5B85F6D3CF3E97D40598DC2A /* Pods_SWIFTUI_BookReviewTests.framework */,
			);
			name = Frameworks;
			sourceTree = "<group>";
		};
/* End PBXGroup section */

/* Begin PBXNativeTarget section */
		34A531602A371E3F0019F862 /* SWIFTUI_BookReview */ = {
			isa = PBXNativeTarget;
			buildConfigurationList = 34A531852A371E440019F862 /* Build configuration list for PBXNativeTarget "SWIFTUI_BookReview" */;
			buildPhases = (
				0799988634AAFAFE01893B8E /* [CP] Check Pods Manifest.lock */,
				34A5315D2A371E3F0019F862 /* Sources */,
				34A5315E2A371E3F0019F862 /* Frameworks */,
				34A5315F2A371E3F0019F862 /* Resources */,
				360CD2076CE5633BBD5D05B2 /* [CP] Embed Pods Frameworks */,
				34A5318E2A3720380019F862 /* SwiftLint */,
			);
			buildRules = (
			);
			dependencies = (
			);
			name = SWIFTUI_BookReview;
			productName = SWIFTUI_MovieReview;
			productReference = 34A531612A371E3F0019F862 /* SWIFTUI_BookReview.app */;
			productType = "com.apple.product-type.application";
		};
		34CACBBA2A4055C200DC791B /* SWIFTUI_BookReviewUITests */ = {
			isa = PBXNativeTarget;
			buildConfigurationList = 34CACBC32A4055C300DC791B /* Build configuration list for PBXNativeTarget "SWIFTUI_BookReviewUITests" */;
			buildPhases = (
				B9F3ED193D0F5ABA9FA18841 /* [CP] Check Pods Manifest.lock */,
				34CACBB72A4055C200DC791B /* Sources */,
				34CACBB82A4055C200DC791B /* Frameworks */,
				34CACBB92A4055C200DC791B /* Resources */,
				834F0586BCBDE5EFF4EE1904 /* [CP] Embed Pods Frameworks */,
			);
			buildRules = (
			);
			dependencies = (
				34CACBC22A4055C200DC791B /* PBXTargetDependency */,
			);
			name = SWIFTUI_BookReviewUITests;
			productName = SWIFTUI_BookReviewUITests;
			productReference = 34CACBBB2A4055C200DC791B /* SWIFTUI_BookReviewUITests.xctest */;
			productType = "com.apple.product-type.bundle.ui-testing";
		};
		34CACBC92A405EDF00DC791B /* SWIFTUI_BookReviewTests */ = {
			isa = PBXNativeTarget;
			buildConfigurationList = 34CACBD02A405EE000DC791B /* Build configuration list for PBXNativeTarget "SWIFTUI_BookReviewTests" */;
			buildPhases = (
				4F66F35456A05D9484A937FC /* [CP] Check Pods Manifest.lock */,
				34CACBC62A405EDF00DC791B /* Sources */,
				34CACBC72A405EDF00DC791B /* Frameworks */,
				34CACBC82A405EDF00DC791B /* Resources */,
				F1E275A0C686542A20288534 /* [CP] Embed Pods Frameworks */,
			);
			buildRules = (
			);
			dependencies = (
				34CACBCF2A405EE000DC791B /* PBXTargetDependency */,
			);
			name = SWIFTUI_BookReviewTests;
			productName = SWIFTUI_BookReviewTests;
			productReference = 34CACBCA2A405EDF00DC791B /* SWIFTUI_BookReviewTests.xctest */;
			productType = "com.apple.product-type.bundle.unit-test";
		};
/* End PBXNativeTarget section */

/* Begin PBXProject section */
		34A531592A371E3F0019F862 /* Project object */ = {
			isa = PBXProject;
			attributes = {
				BuildIndependentTargetsInParallel = 1;
				LastSwiftUpdateCheck = 1430;
				LastUpgradeCheck = 1430;
				TargetAttributes = {
					34A531602A371E3F0019F862 = {
						CreatedOnToolsVersion = 14.3;
					};
					34CACBBA2A4055C200DC791B = {
						CreatedOnToolsVersion = 14.3;
						TestTargetID = 34A531602A371E3F0019F862;
					};
					34CACBC92A405EDF00DC791B = {
						CreatedOnToolsVersion = 14.3;
						TestTargetID = 34A531602A371E3F0019F862;
					};
				};
			};
			buildConfigurationList = 34A5315C2A371E3F0019F862 /* Build configuration list for PBXProject "SWIFTUI_BookReview" */;
			compatibilityVersion = "Xcode 14.0";
			developmentRegion = en;
			hasScannedForEncodings = 0;
			knownRegions = (
				en,
				Base,
			);
			mainGroup = 34A531582A371E3F0019F862;
			productRefGroup = 34A531622A371E3F0019F862 /* Products */;
			projectDirPath = "";
			projectRoot = "";
			targets = (
				34A531602A371E3F0019F862 /* SWIFTUI_BookReview */,
				34CACBBA2A4055C200DC791B /* SWIFTUI_BookReviewUITests */,
				34CACBC92A405EDF00DC791B /* SWIFTUI_BookReviewTests */,
			);
		};
/* End PBXProject section */

/* Begin PBXResourcesBuildPhase section */
		34A5315F2A371E3F0019F862 /* Resources */ = {
			isa = PBXResourcesBuildPhase;
			buildActionMask = 2147483647;
			files = (
				34A531932A3722010019F862 /* .swiftlint.yml in Resources */,
				34A5316C2A371E430019F862 /* Preview Assets.xcassets in Resources */,
				34A531692A371E430019F862 /* Assets.xcassets in Resources */,
			);
			runOnlyForDeploymentPostprocessing = 0;
		};
		34CACBB92A4055C200DC791B /* Resources */ = {
			isa = PBXResourcesBuildPhase;
			buildActionMask = 2147483647;
			files = (
			);
			runOnlyForDeploymentPostprocessing = 0;
		};
		34CACBC82A405EDF00DC791B /* Resources */ = {
			isa = PBXResourcesBuildPhase;
			buildActionMask = 2147483647;
			files = (
				3446AA9A2A407C9100444EDE /* BookSearchDummyData.json in Resources */,
			);
			runOnlyForDeploymentPostprocessing = 0;
		};
/* End PBXResourcesBuildPhase section */

/* Begin PBXShellScriptBuildPhase section */
		0799988634AAFAFE01893B8E /* [CP] Check Pods Manifest.lock */ = {
			isa = PBXShellScriptBuildPhase;
			buildActionMask = 2147483647;
			files = (
			);
			inputFileListPaths = (
			);
			inputPaths = (
				"${PODS_PODFILE_DIR_PATH}/Podfile.lock",
				"${PODS_ROOT}/Manifest.lock",
			);
			name = "[CP] Check Pods Manifest.lock";
			outputFileListPaths = (
			);
			outputPaths = (
				"$(DERIVED_FILE_DIR)/Pods-SWIFTUI_BookReview-checkManifestLockResult.txt",
			);
			runOnlyForDeploymentPostprocessing = 0;
			shellPath = /bin/sh;
			shellScript = "diff \"${PODS_PODFILE_DIR_PATH}/Podfile.lock\" \"${PODS_ROOT}/Manifest.lock\" > /dev/null\nif [ $? != 0 ] ; then\n    # print error to STDERR\n    echo \"error: The sandbox is not in sync with the Podfile.lock. Run 'pod install' or update your CocoaPods installation.\" >&2\n    exit 1\nfi\n# This output is used by Xcode 'outputs' to avoid re-running this script phase.\necho \"SUCCESS\" > \"${SCRIPT_OUTPUT_FILE_0}\"\n";
			showEnvVarsInLog = 0;
		};
		34A5318E2A3720380019F862 /* SwiftLint */ = {
			isa = PBXShellScriptBuildPhase;
			buildActionMask = 2147483647;
			files = (
			);
			inputFileListPaths = (
			);
			inputPaths = (
			);
			name = SwiftLint;
			outputFileListPaths = (
			);
			outputPaths = (
			);
			runOnlyForDeploymentPostprocessing = 0;
			shellPath = /bin/sh;
			shellScript = "${PODS_ROOT}/SwiftLint/swiftlint\n";
		};
		360CD2076CE5633BBD5D05B2 /* [CP] Embed Pods Frameworks */ = {
			isa = PBXShellScriptBuildPhase;
			buildActionMask = 2147483647;
			files = (
			);
			inputFileListPaths = (
				"${PODS_ROOT}/Target Support Files/Pods-SWIFTUI_BookReview/Pods-SWIFTUI_BookReview-frameworks-${CONFIGURATION}-input-files.xcfilelist",
			);
			name = "[CP] Embed Pods Frameworks";
			outputFileListPaths = (
				"${PODS_ROOT}/Target Support Files/Pods-SWIFTUI_BookReview/Pods-SWIFTUI_BookReview-frameworks-${CONFIGURATION}-output-files.xcfilelist",
			);
			runOnlyForDeploymentPostprocessing = 0;
			shellPath = /bin/sh;
			shellScript = "\"${PODS_ROOT}/Target Support Files/Pods-SWIFTUI_BookReview/Pods-SWIFTUI_BookReview-frameworks.sh\"\n";
			showEnvVarsInLog = 0;
		};
		4F66F35456A05D9484A937FC /* [CP] Check Pods Manifest.lock */ = {
			isa = PBXShellScriptBuildPhase;
			buildActionMask = 2147483647;
			files = (
			);
			inputFileListPaths = (
			);
			inputPaths = (
				"${PODS_PODFILE_DIR_PATH}/Podfile.lock",
				"${PODS_ROOT}/Manifest.lock",
			);
			name = "[CP] Check Pods Manifest.lock";
			outputFileListPaths = (
			);
			outputPaths = (
				"$(DERIVED_FILE_DIR)/Pods-SWIFTUI_BookReviewTests-checkManifestLockResult.txt",
			);
			runOnlyForDeploymentPostprocessing = 0;
			shellPath = /bin/sh;
			shellScript = "diff \"${PODS_PODFILE_DIR_PATH}/Podfile.lock\" \"${PODS_ROOT}/Manifest.lock\" > /dev/null\nif [ $? != 0 ] ; then\n    # print error to STDERR\n    echo \"error: The sandbox is not in sync with the Podfile.lock. Run 'pod install' or update your CocoaPods installation.\" >&2\n    exit 1\nfi\n# This output is used by Xcode 'outputs' to avoid re-running this script phase.\necho \"SUCCESS\" > \"${SCRIPT_OUTPUT_FILE_0}\"\n";
			showEnvVarsInLog = 0;
		};
		834F0586BCBDE5EFF4EE1904 /* [CP] Embed Pods Frameworks */ = {
			isa = PBXShellScriptBuildPhase;
			buildActionMask = 2147483647;
			files = (
			);
			inputFileListPaths = (
				"${PODS_ROOT}/Target Support Files/Pods-SWIFTUI_BookReview-SWIFTUI_BookReviewUITests/Pods-SWIFTUI_BookReview-SWIFTUI_BookReviewUITests-frameworks-${CONFIGURATION}-input-files.xcfilelist",
			);
			name = "[CP] Embed Pods Frameworks";
			outputFileListPaths = (
				"${PODS_ROOT}/Target Support Files/Pods-SWIFTUI_BookReview-SWIFTUI_BookReviewUITests/Pods-SWIFTUI_BookReview-SWIFTUI_BookReviewUITests-frameworks-${CONFIGURATION}-output-files.xcfilelist",
			);
			runOnlyForDeploymentPostprocessing = 0;
			shellPath = /bin/sh;
			shellScript = "\"${PODS_ROOT}/Target Support Files/Pods-SWIFTUI_BookReview-SWIFTUI_BookReviewUITests/Pods-SWIFTUI_BookReview-SWIFTUI_BookReviewUITests-frameworks.sh\"\n";
			showEnvVarsInLog = 0;
		};
		B9F3ED193D0F5ABA9FA18841 /* [CP] Check Pods Manifest.lock */ = {
			isa = PBXShellScriptBuildPhase;
			buildActionMask = 2147483647;
			files = (
			);
			inputFileListPaths = (
			);
			inputPaths = (
				"${PODS_PODFILE_DIR_PATH}/Podfile.lock",
				"${PODS_ROOT}/Manifest.lock",
			);
			name = "[CP] Check Pods Manifest.lock";
			outputFileListPaths = (
			);
			outputPaths = (
				"$(DERIVED_FILE_DIR)/Pods-SWIFTUI_BookReview-SWIFTUI_BookReviewUITests-checkManifestLockResult.txt",
			);
			runOnlyForDeploymentPostprocessing = 0;
			shellPath = /bin/sh;
			shellScript = "diff \"${PODS_PODFILE_DIR_PATH}/Podfile.lock\" \"${PODS_ROOT}/Manifest.lock\" > /dev/null\nif [ $? != 0 ] ; then\n    # print error to STDERR\n    echo \"error: The sandbox is not in sync with the Podfile.lock. Run 'pod install' or update your CocoaPods installation.\" >&2\n    exit 1\nfi\n# This output is used by Xcode 'outputs' to avoid re-running this script phase.\necho \"SUCCESS\" > \"${SCRIPT_OUTPUT_FILE_0}\"\n";
			showEnvVarsInLog = 0;
		};
		F1E275A0C686542A20288534 /* [CP] Embed Pods Frameworks */ = {
			isa = PBXShellScriptBuildPhase;
			buildActionMask = 2147483647;
			files = (
			);
			inputFileListPaths = (
				"${PODS_ROOT}/Target Support Files/Pods-SWIFTUI_BookReviewTests/Pods-SWIFTUI_BookReviewTests-frameworks-${CONFIGURATION}-input-files.xcfilelist",
			);
			name = "[CP] Embed Pods Frameworks";
			outputFileListPaths = (
				"${PODS_ROOT}/Target Support Files/Pods-SWIFTUI_BookReviewTests/Pods-SWIFTUI_BookReviewTests-frameworks-${CONFIGURATION}-output-files.xcfilelist",
			);
			runOnlyForDeploymentPostprocessing = 0;
			shellPath = /bin/sh;
			shellScript = "\"${PODS_ROOT}/Target Support Files/Pods-SWIFTUI_BookReviewTests/Pods-SWIFTUI_BookReviewTests-frameworks.sh\"\n";
			showEnvVarsInLog = 0;
		};
/* End PBXShellScriptBuildPhase section */

/* Begin PBXSourcesBuildPhase section */
		34A5315D2A371E3F0019F862 /* Sources */ = {
			isa = PBXSourcesBuildPhase;
			buildActionMask = 2147483647;
			files = (
				34A531D52A3B212D0019F862 /* BookListEditRepository.swift in Sources */,
				34A531B52A38786D0019F862 /* BookSearchUsecaseProtocol.swift in Sources */,
				34A531EB2A3B26F60019F862 /* BookListLoadUsecaseProtocol.swift in Sources */,
				34A531DD2A3B22680019F862 /* BookListEditUsecase.swift in Sources */,
				34A531B92A3878ED0019F862 /* MainView.swift in Sources */,
				34A531E62A3B25FC0019F862 /* BookListLoadRepository.swift in Sources */,
				34A531C32A3B136F0019F862 /* DetailView.swift in Sources */,
				34A531AF2A3871320019F862 /* BookSearchRepository.swift in Sources */,
				34A531D12A3B20B80019F862 /* BookListEditRepositoryProtocol.swift in Sources */,
				34A531A52A386D080019F862 /* BookSearchResponseDTO.swift in Sources */,
				34A531B22A3877390019F862 /* BookSearchUsecase.swift in Sources */,
				34A531BB2A3878F30019F862 /* MainViewModel.swift in Sources */,
				34A5319B2A372A7A0019F862 /* NetworkServiceProtocol.swift in Sources */,
				34A531F02A3B2D930019F862 /* DetailViewModel.swift in Sources */,
				34A531672A371E3F0019F862 /* ContentView.swift in Sources */,
				34A531A22A37347B0019F862 /* RequestToken.swift in Sources */,
				34A531AC2A386FDF0019F862 /* BookSearchData.swift in Sources */,
				34A531992A372A620019F862 /* NetworkService.swift in Sources */,
				34A531CA2A3B1B1F0019F862 /* DetailViewCellTitle.swift in Sources */,
				34A531D92A3B21920019F862 /* BookList.swift in Sources */,
				34A531E32A3B25900019F862 /* BookListLoadRepositoryProtocol.swift in Sources */,
				34A531A02A372EA00019F862 /* BookAPI.swift in Sources */,
				34A531EE2A3B27180019F862 /* BookListLoadUsecase.swift in Sources */,
				34A531CE2A3B1FC40019F862 /* UserDefaults+.swift in Sources */,
				34A531A92A386F960019F862 /* BookSearchRepositoryProtocol.swift in Sources */,
				34A531C02A39C1260019F862 /* MainViewCell.swift in Sources */,
				34A531E82A3B26AC0019F862 /* BookListEditUsecaseProtocol.swift in Sources */,
				34A531C52A3B19930019F862 /* DetailViewCell.swift in Sources */,
				34A531652A371E3F0019F862 /* SWIFTUI_MovieReviewApp.swift in Sources */,
				34A5319E2A372B540019F862 /* URLSessionProtocol.swift in Sources */,
			);
			runOnlyForDeploymentPostprocessing = 0;
		};
		34CACBB72A4055C200DC791B /* Sources */ = {
			isa = PBXSourcesBuildPhase;
			buildActionMask = 2147483647;
			files = (
				34CACBBE2A4055C200DC791B /* SWIFTUI_BookReviewUITests.swift in Sources */,
				34CACBC02A4055C200DC791B /* SWIFTUI_BookReviewUITestsLaunchTests.swift in Sources */,
			);
			runOnlyForDeploymentPostprocessing = 0;
		};
		34CACBC62A405EDF00DC791B /* Sources */ = {
			isa = PBXSourcesBuildPhase;
			buildActionMask = 2147483647;
			files = (
				34CACBD72A40645200DC791B /* BookListLoadRepositoryMock.swift in Sources */,
				34CACBCD2A405EE000DC791B /* BookListLoadUsecaseTests.swift in Sources */,
				34CACBDE2A406A5D00DC791B /* BookListDummy.swift in Sources */,
				3446AA9C2A407CC200444EDE /* BookSearchDataDummy.swift in Sources */,
				34CACBE72A40756500DC791B /* DummyLoad.swift in Sources */,
				34CACBE92A40763F00DC791B /* BookSearchUsecaseTests.swift in Sources */,
				34CACBDB2A4069A900DC791B /* BookListEditRepositoryMock.swift in Sources */,
				3446AA9E2A407E7A00444EDE /* BookSearchRepositoryFailureMock.swift in Sources */,
				34CACBE52A4073F100DC791B /* BookSearchRepositoryMock.swift in Sources */,
				34CACBE02A406BE800DC791B /* BookListEditUsecaseTests.swift in Sources */,
			);
			runOnlyForDeploymentPostprocessing = 0;
		};
/* End PBXSourcesBuildPhase section */

/* Begin PBXTargetDependency section */
		34CACBC22A4055C200DC791B /* PBXTargetDependency */ = {
			isa = PBXTargetDependency;
			target = 34A531602A371E3F0019F862 /* SWIFTUI_BookReview */;
			targetProxy = 34CACBC12A4055C200DC791B /* PBXContainerItemProxy */;
		};
		34CACBCF2A405EE000DC791B /* PBXTargetDependency */ = {
			isa = PBXTargetDependency;
			target = 34A531602A371E3F0019F862 /* SWIFTUI_BookReview */;
			targetProxy = 34CACBCE2A405EE000DC791B /* PBXContainerItemProxy */;
		};
/* End PBXTargetDependency section */

/* Begin XCBuildConfiguration section */
		34A531832A371E440019F862 /* Debug */ = {
			isa = XCBuildConfiguration;
			buildSettings = {
				ALWAYS_SEARCH_USER_PATHS = NO;
				CLANG_ANALYZER_NONNULL = YES;
				CLANG_ANALYZER_NUMBER_OBJECT_CONVERSION = YES_AGGRESSIVE;
				CLANG_CXX_LANGUAGE_STANDARD = "gnu++20";
				CLANG_ENABLE_MODULES = YES;
				CLANG_ENABLE_OBJC_ARC = YES;
				CLANG_ENABLE_OBJC_WEAK = YES;
				CLANG_WARN_BLOCK_CAPTURE_AUTORELEASING = YES;
				CLANG_WARN_BOOL_CONVERSION = YES;
				CLANG_WARN_COMMA = YES;
				CLANG_WARN_CONSTANT_CONVERSION = YES;
				CLANG_WARN_DEPRECATED_OBJC_IMPLEMENTATIONS = YES;
				CLANG_WARN_DIRECT_OBJC_ISA_USAGE = YES_ERROR;
				CLANG_WARN_DOCUMENTATION_COMMENTS = YES;
				CLANG_WARN_EMPTY_BODY = YES;
				CLANG_WARN_ENUM_CONVERSION = YES;
				CLANG_WARN_INFINITE_RECURSION = YES;
				CLANG_WARN_INT_CONVERSION = YES;
				CLANG_WARN_NON_LITERAL_NULL_CONVERSION = YES;
				CLANG_WARN_OBJC_IMPLICIT_RETAIN_SELF = YES;
				CLANG_WARN_OBJC_LITERAL_CONVERSION = YES;
				CLANG_WARN_OBJC_ROOT_CLASS = YES_ERROR;
				CLANG_WARN_QUOTED_INCLUDE_IN_FRAMEWORK_HEADER = YES;
				CLANG_WARN_RANGE_LOOP_ANALYSIS = YES;
				CLANG_WARN_STRICT_PROTOTYPES = YES;
				CLANG_WARN_SUSPICIOUS_MOVE = YES;
				CLANG_WARN_UNGUARDED_AVAILABILITY = YES_AGGRESSIVE;
				CLANG_WARN_UNREACHABLE_CODE = YES;
				CLANG_WARN__DUPLICATE_METHOD_MATCH = YES;
				COPY_PHASE_STRIP = NO;
				DEBUG_INFORMATION_FORMAT = dwarf;
				ENABLE_STRICT_OBJC_MSGSEND = YES;
				ENABLE_TESTABILITY = YES;
				GCC_C_LANGUAGE_STANDARD = gnu11;
				GCC_DYNAMIC_NO_PIC = NO;
				GCC_NO_COMMON_BLOCKS = YES;
				GCC_OPTIMIZATION_LEVEL = 0;
				GCC_PREPROCESSOR_DEFINITIONS = (
					"DEBUG=1",
					"$(inherited)",
				);
				GCC_WARN_64_TO_32_BIT_CONVERSION = YES;
				GCC_WARN_ABOUT_RETURN_TYPE = YES_ERROR;
				GCC_WARN_UNDECLARED_SELECTOR = YES;
				GCC_WARN_UNINITIALIZED_AUTOS = YES_AGGRESSIVE;
				GCC_WARN_UNUSED_FUNCTION = YES;
				GCC_WARN_UNUSED_VARIABLE = YES;
				IPHONEOS_DEPLOYMENT_TARGET = 16.4;
				MTL_ENABLE_DEBUG_INFO = INCLUDE_SOURCE;
				MTL_FAST_MATH = YES;
				ONLY_ACTIVE_ARCH = YES;
				SDKROOT = iphoneos;
				SWIFT_ACTIVE_COMPILATION_CONDITIONS = DEBUG;
				SWIFT_OPTIMIZATION_LEVEL = "-Onone";
			};
			name = Debug;
		};
		34A531842A371E440019F862 /* Release */ = {
			isa = XCBuildConfiguration;
			buildSettings = {
				ALWAYS_SEARCH_USER_PATHS = NO;
				CLANG_ANALYZER_NONNULL = YES;
				CLANG_ANALYZER_NUMBER_OBJECT_CONVERSION = YES_AGGRESSIVE;
				CLANG_CXX_LANGUAGE_STANDARD = "gnu++20";
				CLANG_ENABLE_MODULES = YES;
				CLANG_ENABLE_OBJC_ARC = YES;
				CLANG_ENABLE_OBJC_WEAK = YES;
				CLANG_WARN_BLOCK_CAPTURE_AUTORELEASING = YES;
				CLANG_WARN_BOOL_CONVERSION = YES;
				CLANG_WARN_COMMA = YES;
				CLANG_WARN_CONSTANT_CONVERSION = YES;
				CLANG_WARN_DEPRECATED_OBJC_IMPLEMENTATIONS = YES;
				CLANG_WARN_DIRECT_OBJC_ISA_USAGE = YES_ERROR;
				CLANG_WARN_DOCUMENTATION_COMMENTS = YES;
				CLANG_WARN_EMPTY_BODY = YES;
				CLANG_WARN_ENUM_CONVERSION = YES;
				CLANG_WARN_INFINITE_RECURSION = YES;
				CLANG_WARN_INT_CONVERSION = YES;
				CLANG_WARN_NON_LITERAL_NULL_CONVERSION = YES;
				CLANG_WARN_OBJC_IMPLICIT_RETAIN_SELF = YES;
				CLANG_WARN_OBJC_LITERAL_CONVERSION = YES;
				CLANG_WARN_OBJC_ROOT_CLASS = YES_ERROR;
				CLANG_WARN_QUOTED_INCLUDE_IN_FRAMEWORK_HEADER = YES;
				CLANG_WARN_RANGE_LOOP_ANALYSIS = YES;
				CLANG_WARN_STRICT_PROTOTYPES = YES;
				CLANG_WARN_SUSPICIOUS_MOVE = YES;
				CLANG_WARN_UNGUARDED_AVAILABILITY = YES_AGGRESSIVE;
				CLANG_WARN_UNREACHABLE_CODE = YES;
				CLANG_WARN__DUPLICATE_METHOD_MATCH = YES;
				COPY_PHASE_STRIP = NO;
				DEBUG_INFORMATION_FORMAT = "dwarf-with-dsym";
				ENABLE_NS_ASSERTIONS = NO;
				ENABLE_STRICT_OBJC_MSGSEND = YES;
				GCC_C_LANGUAGE_STANDARD = gnu11;
				GCC_NO_COMMON_BLOCKS = YES;
				GCC_WARN_64_TO_32_BIT_CONVERSION = YES;
				GCC_WARN_ABOUT_RETURN_TYPE = YES_ERROR;
				GCC_WARN_UNDECLARED_SELECTOR = YES;
				GCC_WARN_UNINITIALIZED_AUTOS = YES_AGGRESSIVE;
				GCC_WARN_UNUSED_FUNCTION = YES;
				GCC_WARN_UNUSED_VARIABLE = YES;
				IPHONEOS_DEPLOYMENT_TARGET = 16.4;
				MTL_ENABLE_DEBUG_INFO = NO;
				MTL_FAST_MATH = YES;
				SDKROOT = iphoneos;
				SWIFT_COMPILATION_MODE = wholemodule;
				SWIFT_OPTIMIZATION_LEVEL = "-O";
				VALIDATE_PRODUCT = YES;
			};
			name = Release;
		};
		34A531862A371E440019F862 /* Debug */ = {
			isa = XCBuildConfiguration;
			baseConfigurationReference = 49ACE9FA05CBB662C0409D6F /* Pods-SWIFTUI_BookReview.debug.xcconfig */;
			buildSettings = {
				ASSETCATALOG_COMPILER_APPICON_NAME = AppIcon;
				ASSETCATALOG_COMPILER_GLOBAL_ACCENT_COLOR_NAME = AccentColor;
				CODE_SIGN_STYLE = Automatic;
				CURRENT_PROJECT_VERSION = 1;
				DEVELOPMENT_ASSET_PATHS = "\"SWIFTUI_BookReview/Resource/Preview Content\"";
				DEVELOPMENT_TEAM = 6V8879W55Z;
				ENABLE_PREVIEWS = YES;
				GENERATE_INFOPLIST_FILE = YES;
				INFOPLIST_KEY_UIApplicationSceneManifest_Generation = YES;
				INFOPLIST_KEY_UIApplicationSupportsIndirectInputEvents = YES;
				INFOPLIST_KEY_UILaunchScreen_Generation = YES;
				INFOPLIST_KEY_UISupportedInterfaceOrientations_iPad = "UIInterfaceOrientationPortrait UIInterfaceOrientationPortraitUpsideDown UIInterfaceOrientationLandscapeLeft UIInterfaceOrientationLandscapeRight";
				INFOPLIST_KEY_UISupportedInterfaceOrientations_iPhone = "UIInterfaceOrientationPortrait UIInterfaceOrientationLandscapeLeft UIInterfaceOrientationLandscapeRight";
				LD_RUNPATH_SEARCH_PATHS = (
					"$(inherited)",
					"@executable_path/Frameworks",
				);
				MARKETING_VERSION = 1.0;
				PRODUCT_BUNDLE_IDENTIFIER = yslee.swiftui.moviereview;
				PRODUCT_NAME = "$(TARGET_NAME)";
				SWIFT_EMIT_LOC_STRINGS = YES;
				SWIFT_VERSION = 5.0;
				TARGETED_DEVICE_FAMILY = "1,2";
			};
			name = Debug;
		};
		34A531872A371E440019F862 /* Release */ = {
			isa = XCBuildConfiguration;
			baseConfigurationReference = FD74DEDFE2C341F6000B3C50 /* Pods-SWIFTUI_BookReview.release.xcconfig */;
			buildSettings = {
				ASSETCATALOG_COMPILER_APPICON_NAME = AppIcon;
				ASSETCATALOG_COMPILER_GLOBAL_ACCENT_COLOR_NAME = AccentColor;
				CODE_SIGN_STYLE = Automatic;
				CURRENT_PROJECT_VERSION = 1;
				DEVELOPMENT_ASSET_PATHS = "\"SWIFTUI_BookReview/Resource/Preview Content\"";
				DEVELOPMENT_TEAM = 6V8879W55Z;
				ENABLE_PREVIEWS = YES;
				GENERATE_INFOPLIST_FILE = YES;
				INFOPLIST_KEY_UIApplicationSceneManifest_Generation = YES;
				INFOPLIST_KEY_UIApplicationSupportsIndirectInputEvents = YES;
				INFOPLIST_KEY_UILaunchScreen_Generation = YES;
				INFOPLIST_KEY_UISupportedInterfaceOrientations_iPad = "UIInterfaceOrientationPortrait UIInterfaceOrientationPortraitUpsideDown UIInterfaceOrientationLandscapeLeft UIInterfaceOrientationLandscapeRight";
				INFOPLIST_KEY_UISupportedInterfaceOrientations_iPhone = "UIInterfaceOrientationPortrait UIInterfaceOrientationLandscapeLeft UIInterfaceOrientationLandscapeRight";
				LD_RUNPATH_SEARCH_PATHS = (
					"$(inherited)",
					"@executable_path/Frameworks",
				);
				MARKETING_VERSION = 1.0;
				PRODUCT_BUNDLE_IDENTIFIER = yslee.swiftui.moviereview;
				PRODUCT_NAME = "$(TARGET_NAME)";
				SWIFT_EMIT_LOC_STRINGS = YES;
				SWIFT_VERSION = 5.0;
				TARGETED_DEVICE_FAMILY = "1,2";
			};
			name = Release;
		};
		34CACBC42A4055C300DC791B /* Debug */ = {
			isa = XCBuildConfiguration;
			baseConfigurationReference = 5DEA6AF75F9C308B345D07F6 /* Pods-SWIFTUI_BookReview-SWIFTUI_BookReviewUITests.debug.xcconfig */;
			buildSettings = {
				CODE_SIGN_STYLE = Automatic;
				CURRENT_PROJECT_VERSION = 1;
				DEVELOPMENT_TEAM = 6V8879W55Z;
				GENERATE_INFOPLIST_FILE = YES;
				MARKETING_VERSION = 1.0;
				PRODUCT_BUNDLE_IDENTIFIER = "yslee.SWIFTUI-BookReviewUITests";
				PRODUCT_NAME = "$(TARGET_NAME)";
				SWIFT_EMIT_LOC_STRINGS = NO;
				SWIFT_VERSION = 5.0;
				TARGETED_DEVICE_FAMILY = "1,2";
				TEST_TARGET_NAME = SWIFTUI_BookReview;
			};
			name = Debug;
		};
		34CACBC52A4055C300DC791B /* Release */ = {
			isa = XCBuildConfiguration;
			baseConfigurationReference = 11B779931167A4CD13DBDBF4 /* Pods-SWIFTUI_BookReview-SWIFTUI_BookReviewUITests.release.xcconfig */;
			buildSettings = {
				CODE_SIGN_STYLE = Automatic;
				CURRENT_PROJECT_VERSION = 1;
				DEVELOPMENT_TEAM = 6V8879W55Z;
				GENERATE_INFOPLIST_FILE = YES;
				MARKETING_VERSION = 1.0;
				PRODUCT_BUNDLE_IDENTIFIER = "yslee.SWIFTUI-BookReviewUITests";
				PRODUCT_NAME = "$(TARGET_NAME)";
				SWIFT_EMIT_LOC_STRINGS = NO;
				SWIFT_VERSION = 5.0;
				TARGETED_DEVICE_FAMILY = "1,2";
				TEST_TARGET_NAME = SWIFTUI_BookReview;
			};
			name = Release;
		};
		34CACBD12A405EE000DC791B /* Debug */ = {
			isa = XCBuildConfiguration;
			baseConfigurationReference = 184FC7D7EC5D418E0B94EA75 /* Pods-SWIFTUI_BookReviewTests.debug.xcconfig */;
			buildSettings = {
				BUNDLE_LOADER = "$(TEST_HOST)";
				CODE_SIGN_STYLE = Automatic;
				CURRENT_PROJECT_VERSION = 1;
				DEVELOPMENT_TEAM = 6V8879W55Z;
				GENERATE_INFOPLIST_FILE = YES;
				MARKETING_VERSION = 1.0;
				PRODUCT_BUNDLE_IDENTIFIER = "yslee.SWIFTUI-BookReviewTests";
				PRODUCT_NAME = "$(TARGET_NAME)";
				SWIFT_EMIT_LOC_STRINGS = NO;
				SWIFT_VERSION = 5.0;
				TARGETED_DEVICE_FAMILY = "1,2";
				TEST_HOST = "$(BUILT_PRODUCTS_DIR)/SWIFTUI_BookReview.app/$(BUNDLE_EXECUTABLE_FOLDER_PATH)/SWIFTUI_BookReview";
			};
			name = Debug;
		};
		34CACBD22A405EE000DC791B /* Release */ = {
			isa = XCBuildConfiguration;
			baseConfigurationReference = EB993FB59677B603CDA5733B /* Pods-SWIFTUI_BookReviewTests.release.xcconfig */;
			buildSettings = {
				BUNDLE_LOADER = "$(TEST_HOST)";
				CODE_SIGN_STYLE = Automatic;
				CURRENT_PROJECT_VERSION = 1;
				DEVELOPMENT_TEAM = 6V8879W55Z;
				GENERATE_INFOPLIST_FILE = YES;
				MARKETING_VERSION = 1.0;
				PRODUCT_BUNDLE_IDENTIFIER = "yslee.SWIFTUI-BookReviewTests";
				PRODUCT_NAME = "$(TARGET_NAME)";
				SWIFT_EMIT_LOC_STRINGS = NO;
				SWIFT_VERSION = 5.0;
				TARGETED_DEVICE_FAMILY = "1,2";
				TEST_HOST = "$(BUILT_PRODUCTS_DIR)/SWIFTUI_BookReview.app/$(BUNDLE_EXECUTABLE_FOLDER_PATH)/SWIFTUI_BookReview";
			};
			name = Release;
		};
/* End XCBuildConfiguration section */

/* Begin XCConfigurationList section */
		34A5315C2A371E3F0019F862 /* Build configuration list for PBXProject "SWIFTUI_BookReview" */ = {
			isa = XCConfigurationList;
			buildConfigurations = (
				34A531832A371E440019F862 /* Debug */,
				34A531842A371E440019F862 /* Release */,
			);
			defaultConfigurationIsVisible = 0;
			defaultConfigurationName = Release;
		};
		34A531852A371E440019F862 /* Build configuration list for PBXNativeTarget "SWIFTUI_BookReview" */ = {
			isa = XCConfigurationList;
			buildConfigurations = (
				34A531862A371E440019F862 /* Debug */,
				34A531872A371E440019F862 /* Release */,
			);
			defaultConfigurationIsVisible = 0;
			defaultConfigurationName = Release;
		};
		34CACBC32A4055C300DC791B /* Build configuration list for PBXNativeTarget "SWIFTUI_BookReviewUITests" */ = {
			isa = XCConfigurationList;
			buildConfigurations = (
				34CACBC42A4055C300DC791B /* Debug */,
				34CACBC52A4055C300DC791B /* Release */,
			);
			defaultConfigurationIsVisible = 0;
			defaultConfigurationName = Release;
		};
		34CACBD02A405EE000DC791B /* Build configuration list for PBXNativeTarget "SWIFTUI_BookReviewTests" */ = {
			isa = XCConfigurationList;
			buildConfigurations = (
				34CACBD12A405EE000DC791B /* Debug */,
				34CACBD22A405EE000DC791B /* Release */,
			);
			defaultConfigurationIsVisible = 0;
			defaultConfigurationName = Release;
		};
/* End XCConfigurationList section */
	};
	rootObject = 34A531592A371E3F0019F862 /* Project object */;
}
