// !$*UTF8*$!
{
	archiveVersion = 1;
	classes = {
	};
	objectVersion = 56;
	objects = {

/* Begin PBXBuildFile section */
		26E300ED1A07E64A28AA095B /* Pods_SWIFTUI_MovieReview.framework in Frameworks */ = {isa = PBXBuildFile; fileRef = FD5B38FF97A1E54386A70F70 /* Pods_SWIFTUI_MovieReview.framework */; };
		34A531652A371E3F0019F862 /* SWIFTUI_MovieReviewApp.swift in Sources */ = {isa = PBXBuildFile; fileRef = 34A531642A371E3F0019F862 /* SWIFTUI_MovieReviewApp.swift */; };
		34A531672A371E3F0019F862 /* ContentView.swift in Sources */ = {isa = PBXBuildFile; fileRef = 34A531662A371E3F0019F862 /* ContentView.swift */; };
		34A531692A371E430019F862 /* Assets.xcassets in Resources */ = {isa = PBXBuildFile; fileRef = 34A531682A371E430019F862 /* Assets.xcassets */; };
		34A5316C2A371E430019F862 /* Preview Assets.xcassets in Resources */ = {isa = PBXBuildFile; fileRef = 34A5316B2A371E430019F862 /* Preview Assets.xcassets */; };
		34A531932A3722010019F862 /* .swiftlint.yml in Resources */ = {isa = PBXBuildFile; fileRef = 34A531922A3722010019F862 /* .swiftlint.yml */; };
		34A531992A372A620019F862 /* NetworkService.swift in Sources */ = {isa = PBXBuildFile; fileRef = 34A531982A372A610019F862 /* NetworkService.swift */; };
		34A5319B2A372A7A0019F862 /* NetworkServiceProtocol.swift in Sources */ = {isa = PBXBuildFile; fileRef = 34A5319A2A372A7A0019F862 /* NetworkServiceProtocol.swift */; };
		34A5319E2A372B540019F862 /* URLSessionProtocol.swift in Sources */ = {isa = PBXBuildFile; fileRef = 34A5319D2A372B540019F862 /* URLSessionProtocol.swift */; };
		34A531A02A372EA00019F862 /* BookAPI.swift in Sources */ = {isa = PBXBuildFile; fileRef = 34A5319F2A372EA00019F862 /* BookAPI.swift */; };
		34A531A22A37347B0019F862 /* RequestToken.swift in Sources */ = {isa = PBXBuildFile; fileRef = 34A531A12A37347B0019F862 /* RequestToken.swift */; };
		34A531A52A386D080019F862 /* BookSearchResponseDTO.swift in Sources */ = {isa = PBXBuildFile; fileRef = 34A531A42A386D080019F862 /* BookSearchResponseDTO.swift */; };
		34A531A92A386F960019F862 /* BookSearchRepositoryProtocol.swift in Sources */ = {isa = PBXBuildFile; fileRef = 34A531A82A386F960019F862 /* BookSearchRepositoryProtocol.swift */; };
		34A531AC2A386FDF0019F862 /* BookSearchData.swift in Sources */ = {isa = PBXBuildFile; fileRef = 34A531AB2A386FDF0019F862 /* BookSearchData.swift */; };
		34A531AF2A3871320019F862 /* BookSearchRepository.swift in Sources */ = {isa = PBXBuildFile; fileRef = 34A531AE2A3871320019F862 /* BookSearchRepository.swift */; };
		34A531B22A3877390019F862 /* BookSearchUsecase.swift in Sources */ = {isa = PBXBuildFile; fileRef = 34A531B12A3877390019F862 /* BookSearchUsecase.swift */; };
		34A531B52A38786D0019F862 /* BookSearchUsecaseProtocol.swift in Sources */ = {isa = PBXBuildFile; fileRef = 34A531B42A38786D0019F862 /* BookSearchUsecaseProtocol.swift */; };
		34A531B92A3878ED0019F862 /* MainView.swift in Sources */ = {isa = PBXBuildFile; fileRef = 34A531B82A3878ED0019F862 /* MainView.swift */; };
		34A531BB2A3878F30019F862 /* MainViewModel.swift in Sources */ = {isa = PBXBuildFile; fileRef = 34A531BA2A3878F30019F862 /* MainViewModel.swift */; };
		34A531C02A39C1260019F862 /* MainViewCell.swift in Sources */ = {isa = PBXBuildFile; fileRef = 34A531BF2A39C1260019F862 /* MainViewCell.swift */; };
		359091E80A5BA07E3FACBA3F /* Pods_SWIFTUI_MovieReview_SWIFTUI_MovieReviewUITests.framework in Frameworks */ = {isa = PBXBuildFile; fileRef = 6E3F337FA0CBE2287F689677 /* Pods_SWIFTUI_MovieReview_SWIFTUI_MovieReviewUITests.framework */; };
		C321340E9485A187A83BC065 /* Pods_SWIFTUI_MovieReviewTests.framework in Frameworks */ = {isa = PBXBuildFile; fileRef = 29C8D660DC8B5552D2D5F479 /* Pods_SWIFTUI_MovieReviewTests.framework */; };
/* End PBXBuildFile section */

/* Begin PBXContainerItemProxy section */
		34A531722A371E430019F862 /* PBXContainerItemProxy */ = {
			isa = PBXContainerItemProxy;
			containerPortal = 34A531592A371E3F0019F862 /* Project object */;
			proxyType = 1;
			remoteGlobalIDString = 34A531602A371E3F0019F862;
			remoteInfo = SWIFTUI_MovieReview;
		};
		34A5317C2A371E440019F862 /* PBXContainerItemProxy */ = {
			isa = PBXContainerItemProxy;
			containerPortal = 34A531592A371E3F0019F862 /* Project object */;
			proxyType = 1;
			remoteGlobalIDString = 34A531602A371E3F0019F862;
			remoteInfo = SWIFTUI_MovieReview;
		};
/* End PBXContainerItemProxy section */

/* Begin PBXFileReference section */
		1A6C0BC97CDAC68A20077B4C /* Pods-SWIFTUI_MovieReview.debug.xcconfig */ = {isa = PBXFileReference; includeInIndex = 1; lastKnownFileType = text.xcconfig; name = "Pods-SWIFTUI_MovieReview.debug.xcconfig"; path = "Target Support Files/Pods-SWIFTUI_MovieReview/Pods-SWIFTUI_MovieReview.debug.xcconfig"; sourceTree = "<group>"; };
		29C8D660DC8B5552D2D5F479 /* Pods_SWIFTUI_MovieReviewTests.framework */ = {isa = PBXFileReference; explicitFileType = wrapper.framework; includeInIndex = 0; path = Pods_SWIFTUI_MovieReviewTests.framework; sourceTree = BUILT_PRODUCTS_DIR; };
		34A531612A371E3F0019F862 /* SWIFTUI_BookReview.app */ = {isa = PBXFileReference; explicitFileType = wrapper.application; includeInIndex = 0; path = SWIFTUI_BookReview.app; sourceTree = BUILT_PRODUCTS_DIR; };
		34A531642A371E3F0019F862 /* SWIFTUI_MovieReviewApp.swift */ = {isa = PBXFileReference; lastKnownFileType = sourcecode.swift; path = SWIFTUI_MovieReviewApp.swift; sourceTree = "<group>"; };
		34A531662A371E3F0019F862 /* ContentView.swift */ = {isa = PBXFileReference; lastKnownFileType = sourcecode.swift; path = ContentView.swift; sourceTree = "<group>"; };
		34A531682A371E430019F862 /* Assets.xcassets */ = {isa = PBXFileReference; lastKnownFileType = folder.assetcatalog; path = Assets.xcassets; sourceTree = "<group>"; };
		34A5316B2A371E430019F862 /* Preview Assets.xcassets */ = {isa = PBXFileReference; lastKnownFileType = folder.assetcatalog; path = "Preview Assets.xcassets"; sourceTree = "<group>"; };
		34A531712A371E430019F862 /* SWIFTUI_BookReviewTests.xctest */ = {isa = PBXFileReference; explicitFileType = wrapper.cfbundle; includeInIndex = 0; path = SWIFTUI_BookReviewTests.xctest; sourceTree = BUILT_PRODUCTS_DIR; };
		34A5317B2A371E440019F862 /* SWIFTUI_BookReviewUITests.xctest */ = {isa = PBXFileReference; explicitFileType = wrapper.cfbundle; includeInIndex = 0; path = SWIFTUI_BookReviewUITests.xctest; sourceTree = BUILT_PRODUCTS_DIR; };
		34A531922A3722010019F862 /* .swiftlint.yml */ = {isa = PBXFileReference; lastKnownFileType = text.yaml; path = .swiftlint.yml; sourceTree = "<group>"; };
		34A531982A372A610019F862 /* NetworkService.swift */ = {isa = PBXFileReference; lastKnownFileType = sourcecode.swift; path = NetworkService.swift; sourceTree = "<group>"; };
		34A5319A2A372A7A0019F862 /* NetworkServiceProtocol.swift */ = {isa = PBXFileReference; lastKnownFileType = sourcecode.swift; path = NetworkServiceProtocol.swift; sourceTree = "<group>"; };
		34A5319D2A372B540019F862 /* URLSessionProtocol.swift */ = {isa = PBXFileReference; lastKnownFileType = sourcecode.swift; path = URLSessionProtocol.swift; sourceTree = "<group>"; };
		34A5319F2A372EA00019F862 /* BookAPI.swift */ = {isa = PBXFileReference; lastKnownFileType = sourcecode.swift; path = BookAPI.swift; sourceTree = "<group>"; };
		34A531A12A37347B0019F862 /* RequestToken.swift */ = {isa = PBXFileReference; fileEncoding = 4; lastKnownFileType = sourcecode.swift; path = RequestToken.swift; sourceTree = "<group>"; };
		34A531A42A386D080019F862 /* BookSearchResponseDTO.swift */ = {isa = PBXFileReference; lastKnownFileType = sourcecode.swift; path = BookSearchResponseDTO.swift; sourceTree = "<group>"; };
		34A531A82A386F960019F862 /* BookSearchRepositoryProtocol.swift */ = {isa = PBXFileReference; lastKnownFileType = sourcecode.swift; path = BookSearchRepositoryProtocol.swift; sourceTree = "<group>"; };
		34A531AB2A386FDF0019F862 /* BookSearchData.swift */ = {isa = PBXFileReference; lastKnownFileType = sourcecode.swift; path = BookSearchData.swift; sourceTree = "<group>"; };
		34A531AE2A3871320019F862 /* BookSearchRepository.swift */ = {isa = PBXFileReference; lastKnownFileType = sourcecode.swift; path = BookSearchRepository.swift; sourceTree = "<group>"; };
		34A531B12A3877390019F862 /* BookSearchUsecase.swift */ = {isa = PBXFileReference; lastKnownFileType = sourcecode.swift; path = BookSearchUsecase.swift; sourceTree = "<group>"; };
		34A531B42A38786D0019F862 /* BookSearchUsecaseProtocol.swift */ = {isa = PBXFileReference; lastKnownFileType = sourcecode.swift; path = BookSearchUsecaseProtocol.swift; sourceTree = "<group>"; };
		34A531B82A3878ED0019F862 /* MainView.swift */ = {isa = PBXFileReference; lastKnownFileType = sourcecode.swift; path = MainView.swift; sourceTree = "<group>"; };
		34A531BA2A3878F30019F862 /* MainViewModel.swift */ = {isa = PBXFileReference; lastKnownFileType = sourcecode.swift; path = MainViewModel.swift; sourceTree = "<group>"; };
		34A531BF2A39C1260019F862 /* MainViewCell.swift */ = {isa = PBXFileReference; lastKnownFileType = sourcecode.swift; path = MainViewCell.swift; sourceTree = "<group>"; };
		4513A0B52639302D04B9307A /* Pods-SWIFTUI_MovieReviewTests.release.xcconfig */ = {isa = PBXFileReference; includeInIndex = 1; lastKnownFileType = text.xcconfig; name = "Pods-SWIFTUI_MovieReviewTests.release.xcconfig"; path = "Target Support Files/Pods-SWIFTUI_MovieReviewTests/Pods-SWIFTUI_MovieReviewTests.release.xcconfig"; sourceTree = "<group>"; };
		4B64ECDE1F470539E80A1DC3 /* Pods-SWIFTUI_MovieReviewTests.debug.xcconfig */ = {isa = PBXFileReference; includeInIndex = 1; lastKnownFileType = text.xcconfig; name = "Pods-SWIFTUI_MovieReviewTests.debug.xcconfig"; path = "Target Support Files/Pods-SWIFTUI_MovieReviewTests/Pods-SWIFTUI_MovieReviewTests.debug.xcconfig"; sourceTree = "<group>"; };
		6E3F337FA0CBE2287F689677 /* Pods_SWIFTUI_MovieReview_SWIFTUI_MovieReviewUITests.framework */ = {isa = PBXFileReference; explicitFileType = wrapper.framework; includeInIndex = 0; path = Pods_SWIFTUI_MovieReview_SWIFTUI_MovieReviewUITests.framework; sourceTree = BUILT_PRODUCTS_DIR; };
		837F8D39E6236A41111403A5 /* Pods-SWIFTUI_MovieReview-SWIFTUI_MovieReviewUITests.release.xcconfig */ = {isa = PBXFileReference; includeInIndex = 1; lastKnownFileType = text.xcconfig; name = "Pods-SWIFTUI_MovieReview-SWIFTUI_MovieReviewUITests.release.xcconfig"; path = "Target Support Files/Pods-SWIFTUI_MovieReview-SWIFTUI_MovieReviewUITests/Pods-SWIFTUI_MovieReview-SWIFTUI_MovieReviewUITests.release.xcconfig"; sourceTree = "<group>"; };
		96B0E27C2C248AEFB5827A97 /* Pods-SWIFTUI_MovieReview-SWIFTUI_MovieReviewUITests.debug.xcconfig */ = {isa = PBXFileReference; includeInIndex = 1; lastKnownFileType = text.xcconfig; name = "Pods-SWIFTUI_MovieReview-SWIFTUI_MovieReviewUITests.debug.xcconfig"; path = "Target Support Files/Pods-SWIFTUI_MovieReview-SWIFTUI_MovieReviewUITests/Pods-SWIFTUI_MovieReview-SWIFTUI_MovieReviewUITests.debug.xcconfig"; sourceTree = "<group>"; };
		F7CA4B0BAA0D34EBBBE4FEF5 /* Pods-SWIFTUI_MovieReview.release.xcconfig */ = {isa = PBXFileReference; includeInIndex = 1; lastKnownFileType = text.xcconfig; name = "Pods-SWIFTUI_MovieReview.release.xcconfig"; path = "Target Support Files/Pods-SWIFTUI_MovieReview/Pods-SWIFTUI_MovieReview.release.xcconfig"; sourceTree = "<group>"; };
		FD5B38FF97A1E54386A70F70 /* Pods_SWIFTUI_MovieReview.framework */ = {isa = PBXFileReference; explicitFileType = wrapper.framework; includeInIndex = 0; path = Pods_SWIFTUI_MovieReview.framework; sourceTree = BUILT_PRODUCTS_DIR; };
/* End PBXFileReference section */

/* Begin PBXFrameworksBuildPhase section */
		34A5315E2A371E3F0019F862 /* Frameworks */ = {
			isa = PBXFrameworksBuildPhase;
			buildActionMask = 2147483647;
			files = (
				26E300ED1A07E64A28AA095B /* Pods_SWIFTUI_MovieReview.framework in Frameworks */,
			);
			runOnlyForDeploymentPostprocessing = 0;
		};
		34A5316E2A371E430019F862 /* Frameworks */ = {
			isa = PBXFrameworksBuildPhase;
			buildActionMask = 2147483647;
			files = (
				C321340E9485A187A83BC065 /* Pods_SWIFTUI_MovieReviewTests.framework in Frameworks */,
			);
			runOnlyForDeploymentPostprocessing = 0;
		};
		34A531782A371E440019F862 /* Frameworks */ = {
			isa = PBXFrameworksBuildPhase;
			buildActionMask = 2147483647;
			files = (
				359091E80A5BA07E3FACBA3F /* Pods_SWIFTUI_MovieReview_SWIFTUI_MovieReviewUITests.framework in Frameworks */,
			);
			runOnlyForDeploymentPostprocessing = 0;
		};
/* End PBXFrameworksBuildPhase section */

/* Begin PBXGroup section */
		34A531582A371E3F0019F862 = {
			isa = PBXGroup;
			children = (
				34A531A12A37347B0019F862 /* RequestToken.swift */,
				34A531922A3722010019F862 /* .swiftlint.yml */,
				34A531632A371E3F0019F862 /* SWIFTUI_MovieReview */,
				34A531622A371E3F0019F862 /* Products */,
				4D99506DF06840659FAA2C1B /* Pods */,
				6B4E8B4FF6DEC4FB56281EB5 /* Frameworks */,
			);
			sourceTree = "<group>";
		};
		34A531622A371E3F0019F862 /* Products */ = {
			isa = PBXGroup;
			children = (
				34A531612A371E3F0019F862 /* SWIFTUI_BookReview.app */,
				34A531712A371E430019F862 /* SWIFTUI_BookReviewTests.xctest */,
				34A5317B2A371E440019F862 /* SWIFTUI_BookReviewUITests.xctest */,
			);
			name = Products;
			sourceTree = "<group>";
		};
		34A531632A371E3F0019F862 /* SWIFTUI_MovieReview */ = {
			isa = PBXGroup;
			children = (
				34A531B62A3878BA0019F862 /* Presentation */,
				34A531A62A386F650019F862 /* Domain */,
				34A531962A372A380019F862 /* Data */,
				34A531942A37299D0019F862 /* Application */,
				34A531952A3729C90019F862 /* Resource */,
			);
			path = SWIFTUI_MovieReview;
			sourceTree = "<group>";
		};
		34A5316A2A371E430019F862 /* Preview Content */ = {
			isa = PBXGroup;
			children = (
				34A5316B2A371E430019F862 /* Preview Assets.xcassets */,
			);
			path = "Preview Content";
			sourceTree = "<group>";
		};
		34A531942A37299D0019F862 /* Application */ = {
			isa = PBXGroup;
			children = (
				34A531662A371E3F0019F862 /* ContentView.swift */,
				34A531642A371E3F0019F862 /* SWIFTUI_MovieReviewApp.swift */,
			);
			path = Application;
			sourceTree = "<group>";
		};
		34A531952A3729C90019F862 /* Resource */ = {
			isa = PBXGroup;
			children = (
				34A5316A2A371E430019F862 /* Preview Content */,
				34A531682A371E430019F862 /* Assets.xcassets */,
			);
			path = Resource;
			sourceTree = "<group>";
		};
		34A531962A372A380019F862 /* Data */ = {
			isa = PBXGroup;
			children = (
				34A531AD2A38711D0019F862 /* Repository */,
				34A531972A372A3F0019F862 /* Network */,
			);
			path = Data;
			sourceTree = "<group>";
		};
		34A531972A372A3F0019F862 /* Network */ = {
			isa = PBXGroup;
			children = (
				34A531982A372A610019F862 /* NetworkService.swift */,
				34A5319F2A372EA00019F862 /* BookAPI.swift */,
				34A531A32A386CFA0019F862 /* DTO */,
				34A5319C2A372B430019F862 /* Protocol */,
			);
			path = Network;
			sourceTree = "<group>";
		};
		34A5319C2A372B430019F862 /* Protocol */ = {
			isa = PBXGroup;
			children = (
				34A5319D2A372B540019F862 /* URLSessionProtocol.swift */,
				34A5319A2A372A7A0019F862 /* NetworkServiceProtocol.swift */,
			);
			path = Protocol;
			sourceTree = "<group>";
		};
		34A531A32A386CFA0019F862 /* DTO */ = {
			isa = PBXGroup;
			children = (
				34A531A42A386D080019F862 /* BookSearchResponseDTO.swift */,
			);
			path = DTO;
			sourceTree = "<group>";
		};
		34A531A62A386F650019F862 /* Domain */ = {
			isa = PBXGroup;
			children = (
				34A531B02A3877250019F862 /* Usecase */,
				34A531AA2A386FD30019F862 /* Entity */,
				34A531A72A386F6D0019F862 /* RepositoryProtocol */,
			);
			path = Domain;
			sourceTree = "<group>";
		};
		34A531A72A386F6D0019F862 /* RepositoryProtocol */ = {
			isa = PBXGroup;
			children = (
				34A531A82A386F960019F862 /* BookSearchRepositoryProtocol.swift */,
			);
			path = RepositoryProtocol;
			sourceTree = "<group>";
		};
		34A531AA2A386FD30019F862 /* Entity */ = {
			isa = PBXGroup;
			children = (
				34A531AB2A386FDF0019F862 /* BookSearchData.swift */,
			);
			path = Entity;
			sourceTree = "<group>";
		};
		34A531AD2A38711D0019F862 /* Repository */ = {
			isa = PBXGroup;
			children = (
				34A531AE2A3871320019F862 /* BookSearchRepository.swift */,
			);
			path = Repository;
			sourceTree = "<group>";
		};
		34A531B02A3877250019F862 /* Usecase */ = {
			isa = PBXGroup;
			children = (
				34A531B12A3877390019F862 /* BookSearchUsecase.swift */,
				34A531B32A3878650019F862 /* Protocol */,
			);
			path = Usecase;
			sourceTree = "<group>";
		};
		34A531B32A3878650019F862 /* Protocol */ = {
			isa = PBXGroup;
			children = (
				34A531B42A38786D0019F862 /* BookSearchUsecaseProtocol.swift */,
			);
			path = Protocol;
			sourceTree = "<group>";
		};
		34A531B62A3878BA0019F862 /* Presentation */ = {
			isa = PBXGroup;
			children = (
				34A531B72A3878E70019F862 /* Main */,
			);
			path = Presentation;
			sourceTree = "<group>";
		};
		34A531B72A3878E70019F862 /* Main */ = {
			isa = PBXGroup;
			children = (
				34A531B82A3878ED0019F862 /* MainView.swift */,
				34A531BA2A3878F30019F862 /* MainViewModel.swift */,
				34A531BE2A39C1150019F862 /* Sub */,
			);
			path = Main;
			sourceTree = "<group>";
		};
		34A531BE2A39C1150019F862 /* Sub */ = {
			isa = PBXGroup;
			children = (
				34A531BF2A39C1260019F862 /* MainViewCell.swift */,
			);
			path = Sub;
			sourceTree = "<group>";
		};
		4D99506DF06840659FAA2C1B /* Pods */ = {
			isa = PBXGroup;
			children = (
				1A6C0BC97CDAC68A20077B4C /* Pods-SWIFTUI_MovieReview.debug.xcconfig */,
				F7CA4B0BAA0D34EBBBE4FEF5 /* Pods-SWIFTUI_MovieReview.release.xcconfig */,
				96B0E27C2C248AEFB5827A97 /* Pods-SWIFTUI_MovieReview-SWIFTUI_MovieReviewUITests.debug.xcconfig */,
				837F8D39E6236A41111403A5 /* Pods-SWIFTUI_MovieReview-SWIFTUI_MovieReviewUITests.release.xcconfig */,
				4B64ECDE1F470539E80A1DC3 /* Pods-SWIFTUI_MovieReviewTests.debug.xcconfig */,
				4513A0B52639302D04B9307A /* Pods-SWIFTUI_MovieReviewTests.release.xcconfig */,
			);
			path = Pods;
			sourceTree = "<group>";
		};
		6B4E8B4FF6DEC4FB56281EB5 /* Frameworks */ = {
			isa = PBXGroup;
			children = (
				FD5B38FF97A1E54386A70F70 /* Pods_SWIFTUI_MovieReview.framework */,
				6E3F337FA0CBE2287F689677 /* Pods_SWIFTUI_MovieReview_SWIFTUI_MovieReviewUITests.framework */,
				29C8D660DC8B5552D2D5F479 /* Pods_SWIFTUI_MovieReviewTests.framework */,
			);
			name = Frameworks;
			sourceTree = "<group>";
		};
/* End PBXGroup section */

/* Begin PBXNativeTarget section */
		34A531602A371E3F0019F862 /* SWIFTUI_BookReview */ = {
			isa = PBXNativeTarget;
			buildConfigurationList = 34A531852A371E440019F862 /* Build configuration list for PBXNativeTarget "SWIFTUI_BookReview" */;
			buildPhases = (
				0799988634AAFAFE01893B8E /* [CP] Check Pods Manifest.lock */,
				34A5315D2A371E3F0019F862 /* Sources */,
				34A5315E2A371E3F0019F862 /* Frameworks */,
				34A5315F2A371E3F0019F862 /* Resources */,
				360CD2076CE5633BBD5D05B2 /* [CP] Embed Pods Frameworks */,
				34A5318E2A3720380019F862 /* SwiftLint */,
			);
			buildRules = (
			);
			dependencies = (
			);
			name = SWIFTUI_BookReview;
			productName = SWIFTUI_MovieReview;
			productReference = 34A531612A371E3F0019F862 /* SWIFTUI_BookReview.app */;
			productType = "com.apple.product-type.application";
		};
		34A531702A371E430019F862 /* SWIFTUI_BookReviewTests */ = {
			isa = PBXNativeTarget;
			buildConfigurationList = 34A531882A371E440019F862 /* Build configuration list for PBXNativeTarget "SWIFTUI_BookReviewTests" */;
			buildPhases = (
				03A07985E1B29B9141C04388 /* [CP] Check Pods Manifest.lock */,
				34A5316D2A371E430019F862 /* Sources */,
				34A5316E2A371E430019F862 /* Frameworks */,
				34A5316F2A371E430019F862 /* Resources */,
			);
			buildRules = (
			);
			dependencies = (
				34A531732A371E430019F862 /* PBXTargetDependency */,
			);
			name = SWIFTUI_BookReviewTests;
			productName = SWIFTUI_MovieReviewTests;
			productReference = 34A531712A371E430019F862 /* SWIFTUI_BookReviewTests.xctest */;
			productType = "com.apple.product-type.bundle.unit-test";
		};
		34A5317A2A371E440019F862 /* SWIFTUI_BookReviewUITests */ = {
			isa = PBXNativeTarget;
			buildConfigurationList = 34A5318B2A371E440019F862 /* Build configuration list for PBXNativeTarget "SWIFTUI_BookReviewUITests" */;
			buildPhases = (
				18EFF9242DCC8EC9D9936C94 /* [CP] Check Pods Manifest.lock */,
				34A531772A371E440019F862 /* Sources */,
				34A531782A371E440019F862 /* Frameworks */,
				34A531792A371E440019F862 /* Resources */,
				C65D7C33432A00567795D8E6 /* [CP] Embed Pods Frameworks */,
			);
			buildRules = (
			);
			dependencies = (
				34A5317D2A371E440019F862 /* PBXTargetDependency */,
			);
			name = SWIFTUI_BookReviewUITests;
			productName = SWIFTUI_MovieReviewUITests;
			productReference = 34A5317B2A371E440019F862 /* SWIFTUI_BookReviewUITests.xctest */;
			productType = "com.apple.product-type.bundle.ui-testing";
		};
/* End PBXNativeTarget section */

/* Begin PBXProject section */
		34A531592A371E3F0019F862 /* Project object */ = {
			isa = PBXProject;
			attributes = {
				BuildIndependentTargetsInParallel = 1;
				LastSwiftUpdateCheck = 1430;
				LastUpgradeCheck = 1430;
				TargetAttributes = {
					34A531602A371E3F0019F862 = {
						CreatedOnToolsVersion = 14.3;
					};
					34A531702A371E430019F862 = {
						CreatedOnToolsVersion = 14.3;
						TestTargetID = 34A531602A371E3F0019F862;
					};
					34A5317A2A371E440019F862 = {
						CreatedOnToolsVersion = 14.3;
						TestTargetID = 34A531602A371E3F0019F862;
					};
				};
			};
			buildConfigurationList = 34A5315C2A371E3F0019F862 /* Build configuration list for PBXProject "SWIFTUI_BookReview" */;
			compatibilityVersion = "Xcode 14.0";
			developmentRegion = en;
			hasScannedForEncodings = 0;
			knownRegions = (
				en,
				Base,
			);
			mainGroup = 34A531582A371E3F0019F862;
			productRefGroup = 34A531622A371E3F0019F862 /* Products */;
			projectDirPath = "";
			projectRoot = "";
			targets = (
				34A531602A371E3F0019F862 /* SWIFTUI_BookReview */,
				34A531702A371E430019F862 /* SWIFTUI_BookReviewTests */,
				34A5317A2A371E440019F862 /* SWIFTUI_BookReviewUITests */,
			);
		};
/* End PBXProject section */

/* Begin PBXResourcesBuildPhase section */
		34A5315F2A371E3F0019F862 /* Resources */ = {
			isa = PBXResourcesBuildPhase;
			buildActionMask = 2147483647;
			files = (
				34A531932A3722010019F862 /* .swiftlint.yml in Resources */,
				34A5316C2A371E430019F862 /* Preview Assets.xcassets in Resources */,
				34A531692A371E430019F862 /* Assets.xcassets in Resources */,
			);
			runOnlyForDeploymentPostprocessing = 0;
		};
		34A5316F2A371E430019F862 /* Resources */ = {
			isa = PBXResourcesBuildPhase;
			buildActionMask = 2147483647;
			files = (
			);
			runOnlyForDeploymentPostprocessing = 0;
		};
		34A531792A371E440019F862 /* Resources */ = {
			isa = PBXResourcesBuildPhase;
			buildActionMask = 2147483647;
			files = (
			);
			runOnlyForDeploymentPostprocessing = 0;
		};
/* End PBXResourcesBuildPhase section */

/* Begin PBXShellScriptBuildPhase section */
		03A07985E1B29B9141C04388 /* [CP] Check Pods Manifest.lock */ = {
			isa = PBXShellScriptBuildPhase;
			buildActionMask = 2147483647;
			files = (
			);
			inputFileListPaths = (
			);
			inputPaths = (
				"${PODS_PODFILE_DIR_PATH}/Podfile.lock",
				"${PODS_ROOT}/Manifest.lock",
			);
			name = "[CP] Check Pods Manifest.lock";
			outputFileListPaths = (
			);
			outputPaths = (
				"$(DERIVED_FILE_DIR)/Pods-SWIFTUI_MovieReviewTests-checkManifestLockResult.txt",
			);
			runOnlyForDeploymentPostprocessing = 0;
			shellPath = /bin/sh;
			shellScript = "diff \"${PODS_PODFILE_DIR_PATH}/Podfile.lock\" \"${PODS_ROOT}/Manifest.lock\" > /dev/null\nif [ $? != 0 ] ; then\n    # print error to STDERR\n    echo \"error: The sandbox is not in sync with the Podfile.lock. Run 'pod install' or update your CocoaPods installation.\" >&2\n    exit 1\nfi\n# This output is used by Xcode 'outputs' to avoid re-running this script phase.\necho \"SUCCESS\" > \"${SCRIPT_OUTPUT_FILE_0}\"\n";
			showEnvVarsInLog = 0;
		};
		0799988634AAFAFE01893B8E /* [CP] Check Pods Manifest.lock */ = {
			isa = PBXShellScriptBuildPhase;
			buildActionMask = 2147483647;
			files = (
			);
			inputFileListPaths = (
			);
			inputPaths = (
				"${PODS_PODFILE_DIR_PATH}/Podfile.lock",
				"${PODS_ROOT}/Manifest.lock",
			);
			name = "[CP] Check Pods Manifest.lock";
			outputFileListPaths = (
			);
			outputPaths = (
				"$(DERIVED_FILE_DIR)/Pods-SWIFTUI_MovieReview-checkManifestLockResult.txt",
			);
			runOnlyForDeploymentPostprocessing = 0;
			shellPath = /bin/sh;
			shellScript = "diff \"${PODS_PODFILE_DIR_PATH}/Podfile.lock\" \"${PODS_ROOT}/Manifest.lock\" > /dev/null\nif [ $? != 0 ] ; then\n    # print error to STDERR\n    echo \"error: The sandbox is not in sync with the Podfile.lock. Run 'pod install' or update your CocoaPods installation.\" >&2\n    exit 1\nfi\n# This output is used by Xcode 'outputs' to avoid re-running this script phase.\necho \"SUCCESS\" > \"${SCRIPT_OUTPUT_FILE_0}\"\n";
			showEnvVarsInLog = 0;
		};
		18EFF9242DCC8EC9D9936C94 /* [CP] Check Pods Manifest.lock */ = {
			isa = PBXShellScriptBuildPhase;
			buildActionMask = 2147483647;
			files = (
			);
			inputFileListPaths = (
			);
			inputPaths = (
				"${PODS_PODFILE_DIR_PATH}/Podfile.lock",
				"${PODS_ROOT}/Manifest.lock",
			);
			name = "[CP] Check Pods Manifest.lock";
			outputFileListPaths = (
			);
			outputPaths = (
				"$(DERIVED_FILE_DIR)/Pods-SWIFTUI_MovieReview-SWIFTUI_MovieReviewUITests-checkManifestLockResult.txt",
			);
			runOnlyForDeploymentPostprocessing = 0;
			shellPath = /bin/sh;
			shellScript = "diff \"${PODS_PODFILE_DIR_PATH}/Podfile.lock\" \"${PODS_ROOT}/Manifest.lock\" > /dev/null\nif [ $? != 0 ] ; then\n    # print error to STDERR\n    echo \"error: The sandbox is not in sync with the Podfile.lock. Run 'pod install' or update your CocoaPods installation.\" >&2\n    exit 1\nfi\n# This output is used by Xcode 'outputs' to avoid re-running this script phase.\necho \"SUCCESS\" > \"${SCRIPT_OUTPUT_FILE_0}\"\n";
			showEnvVarsInLog = 0;
		};
		34A5318E2A3720380019F862 /* SwiftLint */ = {
			isa = PBXShellScriptBuildPhase;
			buildActionMask = 2147483647;
			files = (
			);
			inputFileListPaths = (
			);
			inputPaths = (
			);
			name = SwiftLint;
			outputFileListPaths = (
			);
			outputPaths = (
			);
			runOnlyForDeploymentPostprocessing = 0;
			shellPath = /bin/sh;
			shellScript = "${PODS_ROOT}/SwiftLint/swiftlint\n";
		};
		360CD2076CE5633BBD5D05B2 /* [CP] Embed Pods Frameworks */ = {
			isa = PBXShellScriptBuildPhase;
			buildActionMask = 2147483647;
			files = (
			);
			inputFileListPaths = (
				"${PODS_ROOT}/Target Support Files/Pods-SWIFTUI_MovieReview/Pods-SWIFTUI_MovieReview-frameworks-${CONFIGURATION}-input-files.xcfilelist",
			);
			name = "[CP] Embed Pods Frameworks";
			outputFileListPaths = (
				"${PODS_ROOT}/Target Support Files/Pods-SWIFTUI_MovieReview/Pods-SWIFTUI_MovieReview-frameworks-${CONFIGURATION}-output-files.xcfilelist",
			);
			runOnlyForDeploymentPostprocessing = 0;
			shellPath = /bin/sh;
			shellScript = "\"${PODS_ROOT}/Target Support Files/Pods-SWIFTUI_MovieReview/Pods-SWIFTUI_MovieReview-frameworks.sh\"\n";
			showEnvVarsInLog = 0;
		};
		C65D7C33432A00567795D8E6 /* [CP] Embed Pods Frameworks */ = {
			isa = PBXShellScriptBuildPhase;
			buildActionMask = 2147483647;
			files = (
			);
			inputFileListPaths = (
				"${PODS_ROOT}/Target Support Files/Pods-SWIFTUI_MovieReview-SWIFTUI_MovieReviewUITests/Pods-SWIFTUI_MovieReview-SWIFTUI_MovieReviewUITests-frameworks-${CONFIGURATION}-input-files.xcfilelist",
			);
			name = "[CP] Embed Pods Frameworks";
			outputFileListPaths = (
				"${PODS_ROOT}/Target Support Files/Pods-SWIFTUI_MovieReview-SWIFTUI_MovieReviewUITests/Pods-SWIFTUI_MovieReview-SWIFTUI_MovieReviewUITests-frameworks-${CONFIGURATION}-output-files.xcfilelist",
			);
			runOnlyForDeploymentPostprocessing = 0;
			shellPath = /bin/sh;
			shellScript = "\"${PODS_ROOT}/Target Support Files/Pods-SWIFTUI_MovieReview-SWIFTUI_MovieReviewUITests/Pods-SWIFTUI_MovieReview-SWIFTUI_MovieReviewUITests-frameworks.sh\"\n";
			showEnvVarsInLog = 0;
		};
/* End PBXShellScriptBuildPhase section */

/* Begin PBXSourcesBuildPhase section */
		34A5315D2A371E3F0019F862 /* Sources */ = {
			isa = PBXSourcesBuildPhase;
			buildActionMask = 2147483647;
			files = (
				34A531B52A38786D0019F862 /* BookSearchUsecaseProtocol.swift in Sources */,
				34A531B92A3878ED0019F862 /* MainView.swift in Sources */,
				34A531AF2A3871320019F862 /* BookSearchRepository.swift in Sources */,
				34A531A52A386D080019F862 /* BookSearchResponseDTO.swift in Sources */,
				34A531B22A3877390019F862 /* BookSearchUsecase.swift in Sources */,
				34A531BB2A3878F30019F862 /* MainViewModel.swift in Sources */,
				34A5319B2A372A7A0019F862 /* NetworkServiceProtocol.swift in Sources */,
				34A531672A371E3F0019F862 /* ContentView.swift in Sources */,
				34A531A22A37347B0019F862 /* RequestToken.swift in Sources */,
				34A531AC2A386FDF0019F862 /* BookSearchData.swift in Sources */,
				34A531992A372A620019F862 /* NetworkService.swift in Sources */,
				34A531A02A372EA00019F862 /* BookAPI.swift in Sources */,
				34A531A92A386F960019F862 /* BookSearchRepositoryProtocol.swift in Sources */,
				34A531C02A39C1260019F862 /* MainViewCell.swift in Sources */,
				34A531652A371E3F0019F862 /* SWIFTUI_MovieReviewApp.swift in Sources */,
				34A5319E2A372B540019F862 /* URLSessionProtocol.swift in Sources */,
			);
			runOnlyForDeploymentPostprocessing = 0;
		};
		34A5316D2A371E430019F862 /* Sources */ = {
			isa = PBXSourcesBuildPhase;
			buildActionMask = 2147483647;
			files = (
			);
			runOnlyForDeploymentPostprocessing = 0;
		};
		34A531772A371E440019F862 /* Sources */ = {
			isa = PBXSourcesBuildPhase;
			buildActionMask = 2147483647;
			files = (
			);
			runOnlyForDeploymentPostprocessing = 0;
		};
/* End PBXSourcesBuildPhase section */

/* Begin PBXTargetDependency section */
		34A531732A371E430019F862 /* PBXTargetDependency */ = {
			isa = PBXTargetDependency;
			target = 34A531602A371E3F0019F862 /* SWIFTUI_BookReview */;
			targetProxy = 34A531722A371E430019F862 /* PBXContainerItemProxy */;
		};
		34A5317D2A371E440019F862 /* PBXTargetDependency */ = {
			isa = PBXTargetDependency;
			target = 34A531602A371E3F0019F862 /* SWIFTUI_BookReview */;
			targetProxy = 34A5317C2A371E440019F862 /* PBXContainerItemProxy */;
		};
/* End PBXTargetDependency section */

/* Begin XCBuildConfiguration section */
		34A531832A371E440019F862 /* Debug */ = {
			isa = XCBuildConfiguration;
			buildSettings = {
				ALWAYS_SEARCH_USER_PATHS = NO;
				CLANG_ANALYZER_NONNULL = YES;
				CLANG_ANALYZER_NUMBER_OBJECT_CONVERSION = YES_AGGRESSIVE;
				CLANG_CXX_LANGUAGE_STANDARD = "gnu++20";
				CLANG_ENABLE_MODULES = YES;
				CLANG_ENABLE_OBJC_ARC = YES;
				CLANG_ENABLE_OBJC_WEAK = YES;
				CLANG_WARN_BLOCK_CAPTURE_AUTORELEASING = YES;
				CLANG_WARN_BOOL_CONVERSION = YES;
				CLANG_WARN_COMMA = YES;
				CLANG_WARN_CONSTANT_CONVERSION = YES;
				CLANG_WARN_DEPRECATED_OBJC_IMPLEMENTATIONS = YES;
				CLANG_WARN_DIRECT_OBJC_ISA_USAGE = YES_ERROR;
				CLANG_WARN_DOCUMENTATION_COMMENTS = YES;
				CLANG_WARN_EMPTY_BODY = YES;
				CLANG_WARN_ENUM_CONVERSION = YES;
				CLANG_WARN_INFINITE_RECURSION = YES;
				CLANG_WARN_INT_CONVERSION = YES;
				CLANG_WARN_NON_LITERAL_NULL_CONVERSION = YES;
				CLANG_WARN_OBJC_IMPLICIT_RETAIN_SELF = YES;
				CLANG_WARN_OBJC_LITERAL_CONVERSION = YES;
				CLANG_WARN_OBJC_ROOT_CLASS = YES_ERROR;
				CLANG_WARN_QUOTED_INCLUDE_IN_FRAMEWORK_HEADER = YES;
				CLANG_WARN_RANGE_LOOP_ANALYSIS = YES;
				CLANG_WARN_STRICT_PROTOTYPES = YES;
				CLANG_WARN_SUSPICIOUS_MOVE = YES;
				CLANG_WARN_UNGUARDED_AVAILABILITY = YES_AGGRESSIVE;
				CLANG_WARN_UNREACHABLE_CODE = YES;
				CLANG_WARN__DUPLICATE_METHOD_MATCH = YES;
				COPY_PHASE_STRIP = NO;
				DEBUG_INFORMATION_FORMAT = dwarf;
				ENABLE_STRICT_OBJC_MSGSEND = YES;
				ENABLE_TESTABILITY = YES;
				GCC_C_LANGUAGE_STANDARD = gnu11;
				GCC_DYNAMIC_NO_PIC = NO;
				GCC_NO_COMMON_BLOCKS = YES;
				GCC_OPTIMIZATION_LEVEL = 0;
				GCC_PREPROCESSOR_DEFINITIONS = (
					"DEBUG=1",
					"$(inherited)",
				);
				GCC_WARN_64_TO_32_BIT_CONVERSION = YES;
				GCC_WARN_ABOUT_RETURN_TYPE = YES_ERROR;
				GCC_WARN_UNDECLARED_SELECTOR = YES;
				GCC_WARN_UNINITIALIZED_AUTOS = YES_AGGRESSIVE;
				GCC_WARN_UNUSED_FUNCTION = YES;
				GCC_WARN_UNUSED_VARIABLE = YES;
				IPHONEOS_DEPLOYMENT_TARGET = 16.4;
				MTL_ENABLE_DEBUG_INFO = INCLUDE_SOURCE;
				MTL_FAST_MATH = YES;
				ONLY_ACTIVE_ARCH = YES;
				SDKROOT = iphoneos;
				SWIFT_ACTIVE_COMPILATION_CONDITIONS = DEBUG;
				SWIFT_OPTIMIZATION_LEVEL = "-Onone";
			};
			name = Debug;
		};
		34A531842A371E440019F862 /* Release */ = {
			isa = XCBuildConfiguration;
			buildSettings = {
				ALWAYS_SEARCH_USER_PATHS = NO;
				CLANG_ANALYZER_NONNULL = YES;
				CLANG_ANALYZER_NUMBER_OBJECT_CONVERSION = YES_AGGRESSIVE;
				CLANG_CXX_LANGUAGE_STANDARD = "gnu++20";
				CLANG_ENABLE_MODULES = YES;
				CLANG_ENABLE_OBJC_ARC = YES;
				CLANG_ENABLE_OBJC_WEAK = YES;
				CLANG_WARN_BLOCK_CAPTURE_AUTORELEASING = YES;
				CLANG_WARN_BOOL_CONVERSION = YES;
				CLANG_WARN_COMMA = YES;
				CLANG_WARN_CONSTANT_CONVERSION = YES;
				CLANG_WARN_DEPRECATED_OBJC_IMPLEMENTATIONS = YES;
				CLANG_WARN_DIRECT_OBJC_ISA_USAGE = YES_ERROR;
				CLANG_WARN_DOCUMENTATION_COMMENTS = YES;
				CLANG_WARN_EMPTY_BODY = YES;
				CLANG_WARN_ENUM_CONVERSION = YES;
				CLANG_WARN_INFINITE_RECURSION = YES;
				CLANG_WARN_INT_CONVERSION = YES;
				CLANG_WARN_NON_LITERAL_NULL_CONVERSION = YES;
				CLANG_WARN_OBJC_IMPLICIT_RETAIN_SELF = YES;
				CLANG_WARN_OBJC_LITERAL_CONVERSION = YES;
				CLANG_WARN_OBJC_ROOT_CLASS = YES_ERROR;
				CLANG_WARN_QUOTED_INCLUDE_IN_FRAMEWORK_HEADER = YES;
				CLANG_WARN_RANGE_LOOP_ANALYSIS = YES;
				CLANG_WARN_STRICT_PROTOTYPES = YES;
				CLANG_WARN_SUSPICIOUS_MOVE = YES;
				CLANG_WARN_UNGUARDED_AVAILABILITY = YES_AGGRESSIVE;
				CLANG_WARN_UNREACHABLE_CODE = YES;
				CLANG_WARN__DUPLICATE_METHOD_MATCH = YES;
				COPY_PHASE_STRIP = NO;
				DEBUG_INFORMATION_FORMAT = "dwarf-with-dsym";
				ENABLE_NS_ASSERTIONS = NO;
				ENABLE_STRICT_OBJC_MSGSEND = YES;
				GCC_C_LANGUAGE_STANDARD = gnu11;
				GCC_NO_COMMON_BLOCKS = YES;
				GCC_WARN_64_TO_32_BIT_CONVERSION = YES;
				GCC_WARN_ABOUT_RETURN_TYPE = YES_ERROR;
				GCC_WARN_UNDECLARED_SELECTOR = YES;
				GCC_WARN_UNINITIALIZED_AUTOS = YES_AGGRESSIVE;
				GCC_WARN_UNUSED_FUNCTION = YES;
				GCC_WARN_UNUSED_VARIABLE = YES;
				IPHONEOS_DEPLOYMENT_TARGET = 16.4;
				MTL_ENABLE_DEBUG_INFO = NO;
				MTL_FAST_MATH = YES;
				SDKROOT = iphoneos;
				SWIFT_COMPILATION_MODE = wholemodule;
				SWIFT_OPTIMIZATION_LEVEL = "-O";
				VALIDATE_PRODUCT = YES;
			};
			name = Release;
		};
		34A531862A371E440019F862 /* Debug */ = {
			isa = XCBuildConfiguration;
			baseConfigurationReference = 1A6C0BC97CDAC68A20077B4C /* Pods-SWIFTUI_MovieReview.debug.xcconfig */;
			buildSettings = {
				ASSETCATALOG_COMPILER_APPICON_NAME = AppIcon;
				ASSETCATALOG_COMPILER_GLOBAL_ACCENT_COLOR_NAME = AccentColor;
				CODE_SIGN_STYLE = Automatic;
				CURRENT_PROJECT_VERSION = 1;
				DEVELOPMENT_ASSET_PATHS = "\"SWIFTUI_MovieReview/Resource/Preview Content\"";
				DEVELOPMENT_TEAM = 6V8879W55Z;
				ENABLE_PREVIEWS = YES;
				GENERATE_INFOPLIST_FILE = YES;
				INFOPLIST_KEY_UIApplicationSceneManifest_Generation = YES;
				INFOPLIST_KEY_UIApplicationSupportsIndirectInputEvents = YES;
				INFOPLIST_KEY_UILaunchScreen_Generation = YES;
				INFOPLIST_KEY_UISupportedInterfaceOrientations_iPad = "UIInterfaceOrientationPortrait UIInterfaceOrientationPortraitUpsideDown UIInterfaceOrientationLandscapeLeft UIInterfaceOrientationLandscapeRight";
				INFOPLIST_KEY_UISupportedInterfaceOrientations_iPhone = "UIInterfaceOrientationPortrait UIInterfaceOrientationLandscapeLeft UIInterfaceOrientationLandscapeRight";
				LD_RUNPATH_SEARCH_PATHS = (
					"$(inherited)",
					"@executable_path/Frameworks",
				);
				MARKETING_VERSION = 1.0;
				PRODUCT_BUNDLE_IDENTIFIER = yslee.swiftui.moviereview;
				PRODUCT_NAME = "$(TARGET_NAME)";
				SWIFT_EMIT_LOC_STRINGS = YES;
				SWIFT_VERSION = 5.0;
				TARGETED_DEVICE_FAMILY = "1,2";
			};
			name = Debug;
		};
		34A531872A371E440019F862 /* Release */ = {
			isa = XCBuildConfiguration;
			baseConfigurationReference = F7CA4B0BAA0D34EBBBE4FEF5 /* Pods-SWIFTUI_MovieReview.release.xcconfig */;
			buildSettings = {
				ASSETCATALOG_COMPILER_APPICON_NAME = AppIcon;
				ASSETCATALOG_COMPILER_GLOBAL_ACCENT_COLOR_NAME = AccentColor;
				CODE_SIGN_STYLE = Automatic;
				CURRENT_PROJECT_VERSION = 1;
				DEVELOPMENT_ASSET_PATHS = "\"SWIFTUI_MovieReview/Resource/Preview Content\"";
				DEVELOPMENT_TEAM = 6V8879W55Z;
				ENABLE_PREVIEWS = YES;
				GENERATE_INFOPLIST_FILE = YES;
				INFOPLIST_KEY_UIApplicationSceneManifest_Generation = YES;
				INFOPLIST_KEY_UIApplicationSupportsIndirectInputEvents = YES;
				INFOPLIST_KEY_UILaunchScreen_Generation = YES;
				INFOPLIST_KEY_UISupportedInterfaceOrientations_iPad = "UIInterfaceOrientationPortrait UIInterfaceOrientationPortraitUpsideDown UIInterfaceOrientationLandscapeLeft UIInterfaceOrientationLandscapeRight";
				INFOPLIST_KEY_UISupportedInterfaceOrientations_iPhone = "UIInterfaceOrientationPortrait UIInterfaceOrientationLandscapeLeft UIInterfaceOrientationLandscapeRight";
				LD_RUNPATH_SEARCH_PATHS = (
					"$(inherited)",
					"@executable_path/Frameworks",
				);
				MARKETING_VERSION = 1.0;
				PRODUCT_BUNDLE_IDENTIFIER = yslee.swiftui.moviereview;
				PRODUCT_NAME = "$(TARGET_NAME)";
				SWIFT_EMIT_LOC_STRINGS = YES;
				SWIFT_VERSION = 5.0;
				TARGETED_DEVICE_FAMILY = "1,2";
			};
			name = Release;
		};
		34A531892A371E440019F862 /* Debug */ = {
			isa = XCBuildConfiguration;
			baseConfigurationReference = 4B64ECDE1F470539E80A1DC3 /* Pods-SWIFTUI_MovieReviewTests.debug.xcconfig */;
			buildSettings = {
				ALWAYS_EMBED_SWIFT_STANDARD_LIBRARIES = YES;
				BUNDLE_LOADER = "$(TEST_HOST)";
				CODE_SIGN_STYLE = Automatic;
				CURRENT_PROJECT_VERSION = 1;
				DEVELOPMENT_TEAM = 6V8879W55Z;
				GENERATE_INFOPLIST_FILE = YES;
				IPHONEOS_DEPLOYMENT_TARGET = 16.4;
				MARKETING_VERSION = 1.0;
				PRODUCT_BUNDLE_IDENTIFIER = "yslee.SWIFTUI-MovieReviewTests";
				PRODUCT_NAME = "$(TARGET_NAME)";
				SWIFT_EMIT_LOC_STRINGS = NO;
				SWIFT_VERSION = 5.0;
				TARGETED_DEVICE_FAMILY = "1,2";
				TEST_HOST = "$(BUILT_PRODUCTS_DIR)/SWIFTUI_BookReview.app/$(BUNDLE_EXECUTABLE_FOLDER_PATH)/SWIFTUI_BookReview";
			};
			name = Debug;
		};
		34A5318A2A371E440019F862 /* Release */ = {
			isa = XCBuildConfiguration;
			baseConfigurationReference = 4513A0B52639302D04B9307A /* Pods-SWIFTUI_MovieReviewTests.release.xcconfig */;
			buildSettings = {
				ALWAYS_EMBED_SWIFT_STANDARD_LIBRARIES = YES;
				BUNDLE_LOADER = "$(TEST_HOST)";
				CODE_SIGN_STYLE = Automatic;
				CURRENT_PROJECT_VERSION = 1;
				DEVELOPMENT_TEAM = 6V8879W55Z;
				GENERATE_INFOPLIST_FILE = YES;
				IPHONEOS_DEPLOYMENT_TARGET = 16.4;
				MARKETING_VERSION = 1.0;
				PRODUCT_BUNDLE_IDENTIFIER = "yslee.SWIFTUI-MovieReviewTests";
				PRODUCT_NAME = "$(TARGET_NAME)";
				SWIFT_EMIT_LOC_STRINGS = NO;
				SWIFT_VERSION = 5.0;
				TARGETED_DEVICE_FAMILY = "1,2";
				TEST_HOST = "$(BUILT_PRODUCTS_DIR)/SWIFTUI_BookReview.app/$(BUNDLE_EXECUTABLE_FOLDER_PATH)/SWIFTUI_BookReview";
			};
			name = Release;
		};
		34A5318C2A371E440019F862 /* Debug */ = {
			isa = XCBuildConfiguration;
			baseConfigurationReference = 96B0E27C2C248AEFB5827A97 /* Pods-SWIFTUI_MovieReview-SWIFTUI_MovieReviewUITests.debug.xcconfig */;
			buildSettings = {
				ALWAYS_EMBED_SWIFT_STANDARD_LIBRARIES = YES;
				CODE_SIGN_STYLE = Automatic;
				CURRENT_PROJECT_VERSION = 1;
				DEVELOPMENT_TEAM = 6V8879W55Z;
				GENERATE_INFOPLIST_FILE = YES;
				MARKETING_VERSION = 1.0;
				PRODUCT_BUNDLE_IDENTIFIER = "yslee.SWIFTUI-MovieReviewUITests";
				PRODUCT_NAME = "$(TARGET_NAME)";
				SWIFT_EMIT_LOC_STRINGS = NO;
				SWIFT_VERSION = 5.0;
				TARGETED_DEVICE_FAMILY = "1,2";
				TEST_TARGET_NAME = SWIFTUI_MovieReview;
			};
			name = Debug;
		};
		34A5318D2A371E440019F862 /* Release */ = {
			isa = XCBuildConfiguration;
			baseConfigurationReference = 837F8D39E6236A41111403A5 /* Pods-SWIFTUI_MovieReview-SWIFTUI_MovieReviewUITests.release.xcconfig */;
			buildSettings = {
				ALWAYS_EMBED_SWIFT_STANDARD_LIBRARIES = YES;
				CODE_SIGN_STYLE = Automatic;
				CURRENT_PROJECT_VERSION = 1;
				DEVELOPMENT_TEAM = 6V8879W55Z;
				GENERATE_INFOPLIST_FILE = YES;
				MARKETING_VERSION = 1.0;
				PRODUCT_BUNDLE_IDENTIFIER = "yslee.SWIFTUI-MovieReviewUITests";
				PRODUCT_NAME = "$(TARGET_NAME)";
				SWIFT_EMIT_LOC_STRINGS = NO;
				SWIFT_VERSION = 5.0;
				TARGETED_DEVICE_FAMILY = "1,2";
				TEST_TARGET_NAME = SWIFTUI_MovieReview;
			};
			name = Release;
		};
/* End XCBuildConfiguration section */

/* Begin XCConfigurationList section */
		34A5315C2A371E3F0019F862 /* Build configuration list for PBXProject "SWIFTUI_BookReview" */ = {
			isa = XCConfigurationList;
			buildConfigurations = (
				34A531832A371E440019F862 /* Debug */,
				34A531842A371E440019F862 /* Release */,
			);
			defaultConfigurationIsVisible = 0;
			defaultConfigurationName = Release;
		};
		34A531852A371E440019F862 /* Build configuration list for PBXNativeTarget "SWIFTUI_BookReview" */ = {
			isa = XCConfigurationList;
			buildConfigurations = (
				34A531862A371E440019F862 /* Debug */,
				34A531872A371E440019F862 /* Release */,
			);
			defaultConfigurationIsVisible = 0;
			defaultConfigurationName = Release;
		};
		34A531882A371E440019F862 /* Build configuration list for PBXNativeTarget "SWIFTUI_BookReviewTests" */ = {
			isa = XCConfigurationList;
			buildConfigurations = (
				34A531892A371E440019F862 /* Debug */,
				34A5318A2A371E440019F862 /* Release */,
			);
			defaultConfigurationIsVisible = 0;
			defaultConfigurationName = Release;
		};
		34A5318B2A371E440019F862 /* Build configuration list for PBXNativeTarget "SWIFTUI_BookReviewUITests" */ = {
			isa = XCConfigurationList;
			buildConfigurations = (
				34A5318C2A371E440019F862 /* Debug */,
				34A5318D2A371E440019F862 /* Release */,
			);
			defaultConfigurationIsVisible = 0;
			defaultConfigurationName = Release;
		};
/* End XCConfigurationList section */
	};
	rootObject = 34A531592A371E3F0019F862 /* Project object */;
}
